// !$*UTF8*$!
{
	archiveVersion = 1;
	classes = {
	};
	objectVersion = 56;
	objects = {

/* Begin PBXBuildFile section */
		86BA85ED477A4B1BE707A805 /* Pods_MoviesWorld_MoviesWorldUITests.framework in Frameworks */ = {isa = PBXBuildFile; fileRef = BC912AFDC17D848F3693A582 /* Pods_MoviesWorld_MoviesWorldUITests.framework */; };
		872B7D85BA57BEC9B93A9CB2 /* Pods_MoviesWorld.framework in Frameworks */ = {isa = PBXBuildFile; fileRef = 92DE3AE14693CE2E99A912D6 /* Pods_MoviesWorld.framework */; };
		952DDDA4E32846A470F5CEC2 /* Pods_MoviesWorldTests.framework in Frameworks */ = {isa = PBXBuildFile; fileRef = 22D463B6B9D01AA924F4F91A /* Pods_MoviesWorldTests.framework */; };
		EC6FF9DE2BB4EF37005CE30B /* BaseCellViewModelProtocol.swift in Sources */ = {isa = PBXBuildFile; fileRef = EC6FF9DD2BB4EF37005CE30B /* BaseCellViewModelProtocol.swift */; };
		EC6FF9E02BB4EF71005CE30B /* CellViewProtocol.swift in Sources */ = {isa = PBXBuildFile; fileRef = EC6FF9DF2BB4EF71005CE30B /* CellViewProtocol.swift */; };
		EC6FF9E22BB4EFE4005CE30B /* MovieTableViewCellModel.swift in Sources */ = {isa = PBXBuildFile; fileRef = EC6FF9E12BB4EFE4005CE30B /* MovieTableViewCellModel.swift */; };
		EC6FF9ED2BB60F2F005CE30B /* DetailsViewModelContract.swift in Sources */ = {isa = PBXBuildFile; fileRef = EC6FF9E82BB60F2F005CE30B /* DetailsViewModelContract.swift */; };
		EC6FF9EE2BB60F2F005CE30B /* DetailsViewModel.swift in Sources */ = {isa = PBXBuildFile; fileRef = EC6FF9E92BB60F2F005CE30B /* DetailsViewModel.swift */; };
		EC6FF9EF2BB60F2F005CE30B /* DetailsViewController.storyboard in Resources */ = {isa = PBXBuildFile; fileRef = EC6FF9EB2BB60F2F005CE30B /* DetailsViewController.storyboard */; };
		EC6FF9F02BB60F2F005CE30B /* DetailsViewController.swift in Sources */ = {isa = PBXBuildFile; fileRef = EC6FF9EC2BB60F2F005CE30B /* DetailsViewController.swift */; };
		EC6FF9F62BB612AA005CE30B /* MovieDetailsUsecaseContract.swift in Sources */ = {isa = PBXBuildFile; fileRef = EC6FF9F52BB612AA005CE30B /* MovieDetailsUsecaseContract.swift */; };
		EC6FF9F82BB61310005CE30B /* MovieDetailsUsecaseImp.swift in Sources */ = {isa = PBXBuildFile; fileRef = EC6FF9F72BB61310005CE30B /* MovieDetailsUsecaseImp.swift */; };
		EC6FF9FA2BB61370005CE30B /* MovieDetailsRepositoryContract.swift in Sources */ = {isa = PBXBuildFile; fileRef = EC6FF9F92BB61370005CE30B /* MovieDetailsRepositoryContract.swift */; };
		EC6FF9FE2BB61412005CE30B /* MovieDetailsRepositoryImp.swift in Sources */ = {isa = PBXBuildFile; fileRef = EC6FF9FD2BB61412005CE30B /* MovieDetailsRepositoryImp.swift */; };
		EC6FFA022BB614E1005CE30B /* MovieDetailsRemoteDatasourceContract.swift in Sources */ = {isa = PBXBuildFile; fileRef = EC6FFA012BB614E1005CE30B /* MovieDetailsRemoteDatasourceContract.swift */; };
		EC6FFA042BB61513005CE30B /* MovieDetailsRemoteDatasourceImp.swift in Sources */ = {isa = PBXBuildFile; fileRef = EC6FFA032BB61513005CE30B /* MovieDetailsRemoteDatasourceImp.swift */; };
		EC6FFA072BB6155D005CE30B /* MovieDetailsModel.swift in Sources */ = {isa = PBXBuildFile; fileRef = EC6FFA062BB6155D005CE30B /* MovieDetailsModel.swift */; };
		EC6FFA0A2BB639FC005CE30B /* WebViewController.swift in Sources */ = {isa = PBXBuildFile; fileRef = EC6FFA092BB639FC005CE30B /* WebViewController.swift */; };
		EC71E1822BB0D292000C3AF4 /* MoviesRemoteDatasource.swift in Sources */ = {isa = PBXBuildFile; fileRef = EC71E1662BB0D292000C3AF4 /* MoviesRemoteDatasource.swift */; };
		EC71E1832BB0D292000C3AF4 /* MoviesRemoteDatasourceContract.swift in Sources */ = {isa = PBXBuildFile; fileRef = EC71E1672BB0D292000C3AF4 /* MoviesRemoteDatasourceContract.swift */; };
		EC71E1842BB0D292000C3AF4 /* MoviesRepositoryImp.swift in Sources */ = {isa = PBXBuildFile; fileRef = EC71E1692BB0D292000C3AF4 /* MoviesRepositoryImp.swift */; };
		EC71E1852BB0D292000C3AF4 /* MoviesModel.swift in Sources */ = {isa = PBXBuildFile; fileRef = EC71E16B2BB0D292000C3AF4 /* MoviesModel.swift */; };
		EC71E1862BB0D292000C3AF4 /* MoviesUsecasContract.swift in Sources */ = {isa = PBXBuildFile; fileRef = EC71E16E2BB0D292000C3AF4 /* MoviesUsecasContract.swift */; };
		EC71E1872BB0D292000C3AF4 /* MoviesRepositoryContract.swift in Sources */ = {isa = PBXBuildFile; fileRef = EC71E1702BB0D292000C3AF4 /* MoviesRepositoryContract.swift */; };
		EC71E1882BB0D292000C3AF4 /* MoviesUsecaseImp.swift in Sources */ = {isa = PBXBuildFile; fileRef = EC71E1722BB0D292000C3AF4 /* MoviesUsecaseImp.swift */; };
		EC71E1892BB0D292000C3AF4 /* MoviesViewModel.swift in Sources */ = {isa = PBXBuildFile; fileRef = EC71E1752BB0D292000C3AF4 /* MoviesViewModel.swift */; };
		EC71E18A2BB0D292000C3AF4 /* MoviesViewModelContract.swift in Sources */ = {isa = PBXBuildFile; fileRef = EC71E1762BB0D292000C3AF4 /* MoviesViewModelContract.swift */; };
		EC71E18C2BB0D292000C3AF4 /* MoviesSreenAnalyticEventImplementation.swift in Sources */ = {isa = PBXBuildFile; fileRef = EC71E1792BB0D292000C3AF4 /* MoviesSreenAnalyticEventImplementation.swift */; };
		EC71E18D2BB0D292000C3AF4 /* MovieTableViewCell.swift in Sources */ = {isa = PBXBuildFile; fileRef = EC71E17C2BB0D292000C3AF4 /* MovieTableViewCell.swift */; };
		EC71E18E2BB0D292000C3AF4 /* MovieTableViewCell.xib in Resources */ = {isa = PBXBuildFile; fileRef = EC71E17D2BB0D292000C3AF4 /* MovieTableViewCell.xib */; };
		EC71E18F2BB0D292000C3AF4 /* MoviesViewController.swift in Sources */ = {isa = PBXBuildFile; fileRef = EC71E17E2BB0D292000C3AF4 /* MoviesViewController.swift */; };
		EC71E1902BB0D292000C3AF4 /* MoviesViewController.storyboard in Resources */ = {isa = PBXBuildFile; fileRef = EC71E17F2BB0D292000C3AF4 /* MoviesViewController.storyboard */; };
		ECBD058E2BAFB68D0057995E /* UserModel.swift in Sources */ = {isa = PBXBuildFile; fileRef = ECBD058D2BAFB68D0057995E /* UserModel.swift */; };
		ECDE9BDA2BAF6F0500C1A4EC /* UIView+Extension.swift in Sources */ = {isa = PBXBuildFile; fileRef = ECDE9BD92BAF6F0500C1A4EC /* UIView+Extension.swift */; };
		ECDE9BDC2BAF784300C1A4EC /* UIImage+Extension.swift in Sources */ = {isa = PBXBuildFile; fileRef = ECDE9BDB2BAF784300C1A4EC /* UIImage+Extension.swift */; };
		ECDE9BDE2BAF7B6300C1A4EC /* UITextField+Extension.swift in Sources */ = {isa = PBXBuildFile; fileRef = ECDE9BDD2BAF7B6300C1A4EC /* UITextField+Extension.swift */; };
		ECDE9BE42BAF7EE700C1A4EC /* Localizable.strings in Resources */ = {isa = PBXBuildFile; fileRef = ECDE9BE02BAF7EE700C1A4EC /* Localizable.strings */; };
		ECDE9BE52BAF7EE700C1A4EC /* Localize.swift in Sources */ = {isa = PBXBuildFile; fileRef = ECDE9BE32BAF7EE700C1A4EC /* Localize.swift */; };
		ECDE9BE72BAF7F7700C1A4EC /* String+Extension.swift in Sources */ = {isa = PBXBuildFile; fileRef = ECDE9BE62BAF7F7700C1A4EC /* String+Extension.swift */; };
		ECDE9BFF2BAF9C4D00C1A4EC /* LoginLocalDataSourceContract.swift in Sources */ = {isa = PBXBuildFile; fileRef = ECDE9BEB2BAF9C4D00C1A4EC /* LoginLocalDataSourceContract.swift */; };
		ECDE9C002BAF9C4D00C1A4EC /* LoginRemoteDataSourceImp.swift in Sources */ = {isa = PBXBuildFile; fileRef = ECDE9BEC2BAF9C4D00C1A4EC /* LoginRemoteDataSourceImp.swift */; };
		ECDE9C012BAF9C4D00C1A4EC /* LoginRepositoryImp.swift in Sources */ = {isa = PBXBuildFile; fileRef = ECDE9BEE2BAF9C4D00C1A4EC /* LoginRepositoryImp.swift */; };
		ECDE9C022BAF9C4D00C1A4EC /* LoginRepositoryContract.swift in Sources */ = {isa = PBXBuildFile; fileRef = ECDE9BF12BAF9C4D00C1A4EC /* LoginRepositoryContract.swift */; };
		ECDE9C032BAF9C4D00C1A4EC /* LoginUseCaseImp.swift in Sources */ = {isa = PBXBuildFile; fileRef = ECDE9BF32BAF9C4D00C1A4EC /* LoginUseCaseImp.swift */; };
		ECDE9C042BAF9C4E00C1A4EC /* LoginUseCaseContract.swift in Sources */ = {isa = PBXBuildFile; fileRef = ECDE9BF52BAF9C4D00C1A4EC /* LoginUseCaseContract.swift */; };
		ECDE9C052BAF9C4E00C1A4EC /* LoginViewModelContract.swift in Sources */ = {isa = PBXBuildFile; fileRef = ECDE9BF82BAF9C4D00C1A4EC /* LoginViewModelContract.swift */; };
		ECDE9C062BAF9C4E00C1A4EC /* LoginViewModel.swift in Sources */ = {isa = PBXBuildFile; fileRef = ECDE9BF92BAF9C4D00C1A4EC /* LoginViewModel.swift */; };
		ECDE9C072BAF9C4E00C1A4EC /* LoginScreenAnalyticEventImplementation.swift in Sources */ = {isa = PBXBuildFile; fileRef = ECDE9BFB2BAF9C4D00C1A4EC /* LoginScreenAnalyticEventImplementation.swift */; };
		ECDE9C082BAF9C4E00C1A4EC /* LoginViewController.swift in Sources */ = {isa = PBXBuildFile; fileRef = ECDE9BFD2BAF9C4D00C1A4EC /* LoginViewController.swift */; };
		ECDE9C092BAF9C4E00C1A4EC /* LoginViewController.storyboard in Resources */ = {isa = PBXBuildFile; fileRef = ECDE9BFE2BAF9C4D00C1A4EC /* LoginViewController.storyboard */; };
		ECDE9C212BAF9D2C00C1A4EC /* RegisterRemoteDatasourceImp.swift in Sources */ = {isa = PBXBuildFile; fileRef = ECDE9C0D2BAF9D2C00C1A4EC /* RegisterRemoteDatasourceImp.swift */; };
		ECDE9C222BAF9D2C00C1A4EC /* RegisterLocalDatasourceContract.swift in Sources */ = {isa = PBXBuildFile; fileRef = ECDE9C0E2BAF9D2C00C1A4EC /* RegisterLocalDatasourceContract.swift */; };
		ECDE9C232BAF9D2C00C1A4EC /* RegisterRepositoryImp.swift in Sources */ = {isa = PBXBuildFile; fileRef = ECDE9C102BAF9D2C00C1A4EC /* RegisterRepositoryImp.swift */; };
		ECDE9C242BAF9D2C00C1A4EC /* RegisterRepositoryContract.swift in Sources */ = {isa = PBXBuildFile; fileRef = ECDE9C132BAF9D2C00C1A4EC /* RegisterRepositoryContract.swift */; };
		ECDE9C252BAF9D2C00C1A4EC /* RegisterUsecaseImp.swift in Sources */ = {isa = PBXBuildFile; fileRef = ECDE9C152BAF9D2C00C1A4EC /* RegisterUsecaseImp.swift */; };
		ECDE9C262BAF9D2C00C1A4EC /* RegisterUsecaseContract.swift in Sources */ = {isa = PBXBuildFile; fileRef = ECDE9C172BAF9D2C00C1A4EC /* RegisterUsecaseContract.swift */; };
		ECDE9C272BAF9D2C00C1A4EC /* RegisterViewModelContract.swift in Sources */ = {isa = PBXBuildFile; fileRef = ECDE9C1A2BAF9D2C00C1A4EC /* RegisterViewModelContract.swift */; };
		ECDE9C282BAF9D2C00C1A4EC /* RegisterViewModel.swift in Sources */ = {isa = PBXBuildFile; fileRef = ECDE9C1B2BAF9D2C00C1A4EC /* RegisterViewModel.swift */; };
		ECDE9C292BAF9D2C00C1A4EC /* RegisterScreenAnalyticEventImplementation.swift in Sources */ = {isa = PBXBuildFile; fileRef = ECDE9C1D2BAF9D2C00C1A4EC /* RegisterScreenAnalyticEventImplementation.swift */; };
		ECDE9C2A2BAF9D2C00C1A4EC /* RegisterViewController.storyboard in Resources */ = {isa = PBXBuildFile; fileRef = ECDE9C1F2BAF9D2C00C1A4EC /* RegisterViewController.storyboard */; };
		ECDE9C2B2BAF9D2C00C1A4EC /* RegisterViewController.swift in Sources */ = {isa = PBXBuildFile; fileRef = ECDE9C202BAF9D2C00C1A4EC /* RegisterViewController.swift */; };
		ECE419DD2BAF0A250038BF2B /* AppDelegate.swift in Sources */ = {isa = PBXBuildFile; fileRef = ECE419DC2BAF0A250038BF2B /* AppDelegate.swift */; };
		ECE419E62BAF0A260038BF2B /* Assets.xcassets in Resources */ = {isa = PBXBuildFile; fileRef = ECE419E52BAF0A260038BF2B /* Assets.xcassets */; };
		ECE419E92BAF0A260038BF2B /* LaunchScreen.storyboard in Resources */ = {isa = PBXBuildFile; fileRef = ECE419E72BAF0A260038BF2B /* LaunchScreen.storyboard */; };
		ECE419F42BAF0A270038BF2B /* MoviesWorldTests.swift in Sources */ = {isa = PBXBuildFile; fileRef = ECE419F32BAF0A270038BF2B /* MoviesWorldTests.swift */; };
		ECE419FE2BAF0A270038BF2B /* MoviesWorldUITests.swift in Sources */ = {isa = PBXBuildFile; fileRef = ECE419FD2BAF0A270038BF2B /* MoviesWorldUITests.swift */; };
		ECE41A002BAF0A270038BF2B /* MoviesWorldUITestsLaunchTests.swift in Sources */ = {isa = PBXBuildFile; fileRef = ECE419FF2BAF0A270038BF2B /* MoviesWorldUITestsLaunchTests.swift */; };
		ECE41A432BAF1DA40038BF2B /* SplashScreenViewModel.swift in Sources */ = {isa = PBXBuildFile; fileRef = ECE41A102BAF1DA40038BF2B /* SplashScreenViewModel.swift */; };
		ECE41A442BAF1DA40038BF2B /* SplashViewModelContract.swift in Sources */ = {isa = PBXBuildFile; fileRef = ECE41A112BAF1DA40038BF2B /* SplashViewModelContract.swift */; };
		ECE41A452BAF1DA40038BF2B /* SplashScreenViewController.swift in Sources */ = {isa = PBXBuildFile; fileRef = ECE41A132BAF1DA40038BF2B /* SplashScreenViewController.swift */; };
		ECE41A462BAF1DA40038BF2B /* SplashScreenViewController.storyboard in Resources */ = {isa = PBXBuildFile; fileRef = ECE41A142BAF1DA40038BF2B /* SplashScreenViewController.storyboard */; };
		ECE41A822BAF1DC50038BF2B /* LocalUserDefault.swift in Sources */ = {isa = PBXBuildFile; fileRef = ECE41A612BAF1DC50038BF2B /* LocalUserDefault.swift */; };
		ECE41A842BAF1DC50038BF2B /* AppCoordinator.swift in Sources */ = {isa = PBXBuildFile; fileRef = ECE41A642BAF1DC50038BF2B /* AppCoordinator.swift */; };
		ECE41A852BAF1DC50038BF2B /* CoordinatorProtocol.swift in Sources */ = {isa = PBXBuildFile; fileRef = ECE41A652BAF1DC50038BF2B /* CoordinatorProtocol.swift */; };
		ECE41A862BAF1DC50038BF2B /* BaseViewModelContract.swift in Sources */ = {isa = PBXBuildFile; fileRef = ECE41A672BAF1DC50038BF2B /* BaseViewModelContract.swift */; };
		ECE41A872BAF1DC50038BF2B /* PaginationContract.swift in Sources */ = {isa = PBXBuildFile; fileRef = ECE41A682BAF1DC50038BF2B /* PaginationContract.swift */; };
		ECE41A882BAF1DC50038BF2B /* RemoteConfigKeys.swift in Sources */ = {isa = PBXBuildFile; fileRef = ECE41A6A2BAF1DC50038BF2B /* RemoteConfigKeys.swift */; };
		ECE41A892BAF1DC50038BF2B /* RemoteConfigService.swift in Sources */ = {isa = PBXBuildFile; fileRef = ECE41A6B2BAF1DC50038BF2B /* RemoteConfigService.swift */; };
		ECE41A8A2BAF1DC50038BF2B /* BaseViewController.swift in Sources */ = {isa = PBXBuildFile; fileRef = ECE41A6D2BAF1DC50038BF2B /* BaseViewController.swift */; };
		ECE41A8B2BAF1DC50038BF2B /* Injector.swift in Sources */ = {isa = PBXBuildFile; fileRef = ECE41A6E2BAF1DC50038BF2B /* Injector.swift */; };
		ECE41A8C2BAF1DC50038BF2B /* TargetType.swift in Sources */ = {isa = PBXBuildFile; fileRef = ECE41A702BAF1DC50038BF2B /* TargetType.swift */; };
		ECE41A8D2BAF1DC50038BF2B /* BaseAPI.swift in Sources */ = {isa = PBXBuildFile; fileRef = ECE41A712BAF1DC50038BF2B /* BaseAPI.swift */; };
		ECE41A8E2BAF1DC50038BF2B /* ApplicationNetworking.swift in Sources */ = {isa = PBXBuildFile; fileRef = ECE41A722BAF1DC50038BF2B /* ApplicationNetworking.swift */; };
		ECE41A8F2BAF1DC50038BF2B /* AnalyticsService.swift in Sources */ = {isa = PBXBuildFile; fileRef = ECE41A752BAF1DC50038BF2B /* AnalyticsService.swift */; };
		ECE41A902BAF1DC50038BF2B /* AnalyticsServiceContract.swift in Sources */ = {isa = PBXBuildFile; fileRef = ECE41A762BAF1DC50038BF2B /* AnalyticsServiceContract.swift */; };
		ECE41A922BAF1DC50038BF2B /* MixPanelAnalyticsProvider.swift in Sources */ = {isa = PBXBuildFile; fileRef = ECE41A792BAF1DC50038BF2B /* MixPanelAnalyticsProvider.swift */; };
		ECE41A932BAF1DC50038BF2B /* FirebaseAnalyticsProvider.swift in Sources */ = {isa = PBXBuildFile; fileRef = ECE41A7B2BAF1DC50038BF2B /* FirebaseAnalyticsProvider.swift */; };
		ECE41A942BAF1DC50038BF2B /* GoogleService-Info.plist in Resources */ = {isa = PBXBuildFile; fileRef = ECE41A7C2BAF1DC50038BF2B /* GoogleService-Info.plist */; };
		ECE41A962BAF1DC50038BF2B /* AnalyticsProviderContract.swift in Sources */ = {isa = PBXBuildFile; fileRef = ECE41A7F2BAF1DC50038BF2B /* AnalyticsProviderContract.swift */; };
		ECE41A972BAF1DC50038BF2B /* AnalyticsEventContract.swift in Sources */ = {isa = PBXBuildFile; fileRef = ECE41A802BAF1DC50038BF2B /* AnalyticsEventContract.swift */; };
		ECE41AA22BAF1EB90038BF2B /* Constants.swift in Sources */ = {isa = PBXBuildFile; fileRef = ECE41A992BAF1EB90038BF2B /* Constants.swift */; };
		ECE41AA32BAF1EB90038BF2B /* Enums.swift in Sources */ = {isa = PBXBuildFile; fileRef = ECE41A9A2BAF1EB90038BF2B /* Enums.swift */; };
		ECE41AA52BAF1EB90038BF2B /* Bundle+Extension.swift in Sources */ = {isa = PBXBuildFile; fileRef = ECE41A9E2BAF1EB90038BF2B /* Bundle+Extension.swift */; };
		ECE41AA62BAF1EB90038BF2B /* NotificationCenter+Extension.swift in Sources */ = {isa = PBXBuildFile; fileRef = ECE41A9F2BAF1EB90038BF2B /* NotificationCenter+Extension.swift */; };
		ECE41AA72BAF1EB90038BF2B /* ViewController+Extension.swift in Sources */ = {isa = PBXBuildFile; fileRef = ECE41AA02BAF1EB90038BF2B /* ViewController+Extension.swift */; };
		ECE41AA82BAF1EB90038BF2B /* Utils.swift in Sources */ = {isa = PBXBuildFile; fileRef = ECE41AA12BAF1EB90038BF2B /* Utils.swift */; };
/* End PBXBuildFile section */

/* Begin PBXContainerItemProxy section */
		ECE419F02BAF0A270038BF2B /* PBXContainerItemProxy */ = {
			isa = PBXContainerItemProxy;
			containerPortal = ECE419D12BAF0A250038BF2B /* Project object */;
			proxyType = 1;
			remoteGlobalIDString = ECE419D82BAF0A250038BF2B;
			remoteInfo = MoviesWorld;
		};
		ECE419FA2BAF0A270038BF2B /* PBXContainerItemProxy */ = {
			isa = PBXContainerItemProxy;
			containerPortal = ECE419D12BAF0A250038BF2B /* Project object */;
			proxyType = 1;
			remoteGlobalIDString = ECE419D82BAF0A250038BF2B;
			remoteInfo = MoviesWorld;
		};
/* End PBXContainerItemProxy section */

/* Begin PBXFileReference section */
		22D463B6B9D01AA924F4F91A /* Pods_MoviesWorldTests.framework */ = {isa = PBXFileReference; explicitFileType = wrapper.framework; includeInIndex = 0; path = Pods_MoviesWorldTests.framework; sourceTree = BUILT_PRODUCTS_DIR; };
		2380BB835E6EE50D46B2F826 /* Pods-MoviesWorldTests.release.xcconfig */ = {isa = PBXFileReference; includeInIndex = 1; lastKnownFileType = text.xcconfig; name = "Pods-MoviesWorldTests.release.xcconfig"; path = "Target Support Files/Pods-MoviesWorldTests/Pods-MoviesWorldTests.release.xcconfig"; sourceTree = "<group>"; };
		46796AC122A38C7C8334A7A0 /* Pods-MoviesWorld.release.xcconfig */ = {isa = PBXFileReference; includeInIndex = 1; lastKnownFileType = text.xcconfig; name = "Pods-MoviesWorld.release.xcconfig"; path = "Target Support Files/Pods-MoviesWorld/Pods-MoviesWorld.release.xcconfig"; sourceTree = "<group>"; };
		7081612F5F4BBA0587AC4B84 /* Pods-MoviesWorld-MoviesWorldUITests.debug.xcconfig */ = {isa = PBXFileReference; includeInIndex = 1; lastKnownFileType = text.xcconfig; name = "Pods-MoviesWorld-MoviesWorldUITests.debug.xcconfig"; path = "Target Support Files/Pods-MoviesWorld-MoviesWorldUITests/Pods-MoviesWorld-MoviesWorldUITests.debug.xcconfig"; sourceTree = "<group>"; };
		8C42F9B635DF124648BDE828 /* Pods-MoviesWorld.debug.xcconfig */ = {isa = PBXFileReference; includeInIndex = 1; lastKnownFileType = text.xcconfig; name = "Pods-MoviesWorld.debug.xcconfig"; path = "Target Support Files/Pods-MoviesWorld/Pods-MoviesWorld.debug.xcconfig"; sourceTree = "<group>"; };
		92DE3AE14693CE2E99A912D6 /* Pods_MoviesWorld.framework */ = {isa = PBXFileReference; explicitFileType = wrapper.framework; includeInIndex = 0; path = Pods_MoviesWorld.framework; sourceTree = BUILT_PRODUCTS_DIR; };
		AA64736387DF48E0A9226A05 /* Pods-MoviesWorld-MoviesWorldUITests.release.xcconfig */ = {isa = PBXFileReference; includeInIndex = 1; lastKnownFileType = text.xcconfig; name = "Pods-MoviesWorld-MoviesWorldUITests.release.xcconfig"; path = "Target Support Files/Pods-MoviesWorld-MoviesWorldUITests/Pods-MoviesWorld-MoviesWorldUITests.release.xcconfig"; sourceTree = "<group>"; };
		BC912AFDC17D848F3693A582 /* Pods_MoviesWorld_MoviesWorldUITests.framework */ = {isa = PBXFileReference; explicitFileType = wrapper.framework; includeInIndex = 0; path = Pods_MoviesWorld_MoviesWorldUITests.framework; sourceTree = BUILT_PRODUCTS_DIR; };
		EC6FF9DD2BB4EF37005CE30B /* BaseCellViewModelProtocol.swift */ = {isa = PBXFileReference; lastKnownFileType = sourcecode.swift; path = BaseCellViewModelProtocol.swift; sourceTree = "<group>"; };
		EC6FF9DF2BB4EF71005CE30B /* CellViewProtocol.swift */ = {isa = PBXFileReference; lastKnownFileType = sourcecode.swift; path = CellViewProtocol.swift; sourceTree = "<group>"; };
		EC6FF9E12BB4EFE4005CE30B /* MovieTableViewCellModel.swift */ = {isa = PBXFileReference; lastKnownFileType = sourcecode.swift; path = MovieTableViewCellModel.swift; sourceTree = "<group>"; };
		EC6FF9E82BB60F2F005CE30B /* DetailsViewModelContract.swift */ = {isa = PBXFileReference; fileEncoding = 4; lastKnownFileType = sourcecode.swift; path = DetailsViewModelContract.swift; sourceTree = "<group>"; };
		EC6FF9E92BB60F2F005CE30B /* DetailsViewModel.swift */ = {isa = PBXFileReference; fileEncoding = 4; lastKnownFileType = sourcecode.swift; path = DetailsViewModel.swift; sourceTree = "<group>"; };
		EC6FF9EB2BB60F2F005CE30B /* DetailsViewController.storyboard */ = {isa = PBXFileReference; fileEncoding = 4; lastKnownFileType = file.storyboard; path = DetailsViewController.storyboard; sourceTree = "<group>"; };
		EC6FF9EC2BB60F2F005CE30B /* DetailsViewController.swift */ = {isa = PBXFileReference; fileEncoding = 4; lastKnownFileType = sourcecode.swift; path = DetailsViewController.swift; sourceTree = "<group>"; };
		EC6FF9F52BB612AA005CE30B /* MovieDetailsUsecaseContract.swift */ = {isa = PBXFileReference; lastKnownFileType = sourcecode.swift; path = MovieDetailsUsecaseContract.swift; sourceTree = "<group>"; };
		EC6FF9F72BB61310005CE30B /* MovieDetailsUsecaseImp.swift */ = {isa = PBXFileReference; lastKnownFileType = sourcecode.swift; path = MovieDetailsUsecaseImp.swift; sourceTree = "<group>"; };
		EC6FF9F92BB61370005CE30B /* MovieDetailsRepositoryContract.swift */ = {isa = PBXFileReference; lastKnownFileType = sourcecode.swift; path = MovieDetailsRepositoryContract.swift; sourceTree = "<group>"; };
		EC6FF9FD2BB61412005CE30B /* MovieDetailsRepositoryImp.swift */ = {isa = PBXFileReference; lastKnownFileType = sourcecode.swift; path = MovieDetailsRepositoryImp.swift; sourceTree = "<group>"; };
		EC6FFA012BB614E1005CE30B /* MovieDetailsRemoteDatasourceContract.swift */ = {isa = PBXFileReference; lastKnownFileType = sourcecode.swift; path = MovieDetailsRemoteDatasourceContract.swift; sourceTree = "<group>"; };
		EC6FFA032BB61513005CE30B /* MovieDetailsRemoteDatasourceImp.swift */ = {isa = PBXFileReference; lastKnownFileType = sourcecode.swift; path = MovieDetailsRemoteDatasourceImp.swift; sourceTree = "<group>"; };
		EC6FFA062BB6155D005CE30B /* MovieDetailsModel.swift */ = {isa = PBXFileReference; lastKnownFileType = sourcecode.swift; path = MovieDetailsModel.swift; sourceTree = "<group>"; };
		EC6FFA092BB639FC005CE30B /* WebViewController.swift */ = {isa = PBXFileReference; lastKnownFileType = sourcecode.swift; path = WebViewController.swift; sourceTree = "<group>"; };
		EC71E1662BB0D292000C3AF4 /* MoviesRemoteDatasource.swift */ = {isa = PBXFileReference; fileEncoding = 4; lastKnownFileType = sourcecode.swift; path = MoviesRemoteDatasource.swift; sourceTree = "<group>"; };
		EC71E1672BB0D292000C3AF4 /* MoviesRemoteDatasourceContract.swift */ = {isa = PBXFileReference; fileEncoding = 4; lastKnownFileType = sourcecode.swift; path = MoviesRemoteDatasourceContract.swift; sourceTree = "<group>"; };
		EC71E1692BB0D292000C3AF4 /* MoviesRepositoryImp.swift */ = {isa = PBXFileReference; fileEncoding = 4; lastKnownFileType = sourcecode.swift; path = MoviesRepositoryImp.swift; sourceTree = "<group>"; };
		EC71E16B2BB0D292000C3AF4 /* MoviesModel.swift */ = {isa = PBXFileReference; fileEncoding = 4; lastKnownFileType = sourcecode.swift; path = MoviesModel.swift; sourceTree = "<group>"; };
		EC71E16E2BB0D292000C3AF4 /* MoviesUsecasContract.swift */ = {isa = PBXFileReference; fileEncoding = 4; lastKnownFileType = sourcecode.swift; path = MoviesUsecasContract.swift; sourceTree = "<group>"; };
		EC71E1702BB0D292000C3AF4 /* MoviesRepositoryContract.swift */ = {isa = PBXFileReference; fileEncoding = 4; lastKnownFileType = sourcecode.swift; path = MoviesRepositoryContract.swift; sourceTree = "<group>"; };
		EC71E1722BB0D292000C3AF4 /* MoviesUsecaseImp.swift */ = {isa = PBXFileReference; fileEncoding = 4; lastKnownFileType = sourcecode.swift; path = MoviesUsecaseImp.swift; sourceTree = "<group>"; };
		EC71E1752BB0D292000C3AF4 /* MoviesViewModel.swift */ = {isa = PBXFileReference; fileEncoding = 4; lastKnownFileType = sourcecode.swift; path = MoviesViewModel.swift; sourceTree = "<group>"; };
		EC71E1762BB0D292000C3AF4 /* MoviesViewModelContract.swift */ = {isa = PBXFileReference; fileEncoding = 4; lastKnownFileType = sourcecode.swift; path = MoviesViewModelContract.swift; sourceTree = "<group>"; };
		EC71E1792BB0D292000C3AF4 /* MoviesSreenAnalyticEventImplementation.swift */ = {isa = PBXFileReference; fileEncoding = 4; lastKnownFileType = sourcecode.swift; path = MoviesSreenAnalyticEventImplementation.swift; sourceTree = "<group>"; };
		EC71E17C2BB0D292000C3AF4 /* MovieTableViewCell.swift */ = {isa = PBXFileReference; fileEncoding = 4; lastKnownFileType = sourcecode.swift; path = MovieTableViewCell.swift; sourceTree = "<group>"; };
		EC71E17D2BB0D292000C3AF4 /* MovieTableViewCell.xib */ = {isa = PBXFileReference; fileEncoding = 4; lastKnownFileType = file.xib; path = MovieTableViewCell.xib; sourceTree = "<group>"; };
		EC71E17E2BB0D292000C3AF4 /* MoviesViewController.swift */ = {isa = PBXFileReference; fileEncoding = 4; lastKnownFileType = sourcecode.swift; path = MoviesViewController.swift; sourceTree = "<group>"; };
		EC71E17F2BB0D292000C3AF4 /* MoviesViewController.storyboard */ = {isa = PBXFileReference; fileEncoding = 4; lastKnownFileType = file.storyboard; path = MoviesViewController.storyboard; sourceTree = "<group>"; };
		ECBD058D2BAFB68D0057995E /* UserModel.swift */ = {isa = PBXFileReference; lastKnownFileType = sourcecode.swift; path = UserModel.swift; sourceTree = "<group>"; };
		ECDE9BD92BAF6F0500C1A4EC /* UIView+Extension.swift */ = {isa = PBXFileReference; lastKnownFileType = sourcecode.swift; path = "UIView+Extension.swift"; sourceTree = "<group>"; };
		ECDE9BDB2BAF784300C1A4EC /* UIImage+Extension.swift */ = {isa = PBXFileReference; lastKnownFileType = sourcecode.swift; path = "UIImage+Extension.swift"; sourceTree = "<group>"; };
		ECDE9BDD2BAF7B6300C1A4EC /* UITextField+Extension.swift */ = {isa = PBXFileReference; lastKnownFileType = sourcecode.swift; path = "UITextField+Extension.swift"; sourceTree = "<group>"; };
		ECDE9BE12BAF7EE700C1A4EC /* ar */ = {isa = PBXFileReference; lastKnownFileType = text.plist.strings; name = ar; path = ar.lproj/Localizable.strings; sourceTree = "<group>"; };
		ECDE9BE22BAF7EE700C1A4EC /* en */ = {isa = PBXFileReference; lastKnownFileType = text.plist.strings; name = en; path = en.lproj/Localizable.strings; sourceTree = "<group>"; };
		ECDE9BE32BAF7EE700C1A4EC /* Localize.swift */ = {isa = PBXFileReference; fileEncoding = 4; lastKnownFileType = sourcecode.swift; path = Localize.swift; sourceTree = "<group>"; };
		ECDE9BE62BAF7F7700C1A4EC /* String+Extension.swift */ = {isa = PBXFileReference; lastKnownFileType = sourcecode.swift; path = "String+Extension.swift"; sourceTree = "<group>"; };
		ECDE9BEB2BAF9C4D00C1A4EC /* LoginLocalDataSourceContract.swift */ = {isa = PBXFileReference; fileEncoding = 4; lastKnownFileType = sourcecode.swift; path = LoginLocalDataSourceContract.swift; sourceTree = "<group>"; };
		ECDE9BEC2BAF9C4D00C1A4EC /* LoginRemoteDataSourceImp.swift */ = {isa = PBXFileReference; fileEncoding = 4; lastKnownFileType = sourcecode.swift; path = LoginRemoteDataSourceImp.swift; sourceTree = "<group>"; };
		ECDE9BEE2BAF9C4D00C1A4EC /* LoginRepositoryImp.swift */ = {isa = PBXFileReference; fileEncoding = 4; lastKnownFileType = sourcecode.swift; path = LoginRepositoryImp.swift; sourceTree = "<group>"; };
		ECDE9BF12BAF9C4D00C1A4EC /* LoginRepositoryContract.swift */ = {isa = PBXFileReference; fileEncoding = 4; lastKnownFileType = sourcecode.swift; path = LoginRepositoryContract.swift; sourceTree = "<group>"; };
		ECDE9BF32BAF9C4D00C1A4EC /* LoginUseCaseImp.swift */ = {isa = PBXFileReference; fileEncoding = 4; lastKnownFileType = sourcecode.swift; path = LoginUseCaseImp.swift; sourceTree = "<group>"; };
		ECDE9BF52BAF9C4D00C1A4EC /* LoginUseCaseContract.swift */ = {isa = PBXFileReference; fileEncoding = 4; lastKnownFileType = sourcecode.swift; path = LoginUseCaseContract.swift; sourceTree = "<group>"; };
		ECDE9BF82BAF9C4D00C1A4EC /* LoginViewModelContract.swift */ = {isa = PBXFileReference; fileEncoding = 4; lastKnownFileType = sourcecode.swift; path = LoginViewModelContract.swift; sourceTree = "<group>"; };
		ECDE9BF92BAF9C4D00C1A4EC /* LoginViewModel.swift */ = {isa = PBXFileReference; fileEncoding = 4; lastKnownFileType = sourcecode.swift; path = LoginViewModel.swift; sourceTree = "<group>"; };
		ECDE9BFB2BAF9C4D00C1A4EC /* LoginScreenAnalyticEventImplementation.swift */ = {isa = PBXFileReference; fileEncoding = 4; lastKnownFileType = sourcecode.swift; path = LoginScreenAnalyticEventImplementation.swift; sourceTree = "<group>"; };
		ECDE9BFD2BAF9C4D00C1A4EC /* LoginViewController.swift */ = {isa = PBXFileReference; fileEncoding = 4; lastKnownFileType = sourcecode.swift; path = LoginViewController.swift; sourceTree = "<group>"; };
		ECDE9BFE2BAF9C4D00C1A4EC /* LoginViewController.storyboard */ = {isa = PBXFileReference; fileEncoding = 4; lastKnownFileType = file.storyboard; path = LoginViewController.storyboard; sourceTree = "<group>"; };
		ECDE9C0D2BAF9D2C00C1A4EC /* RegisterRemoteDatasourceImp.swift */ = {isa = PBXFileReference; fileEncoding = 4; lastKnownFileType = sourcecode.swift; path = RegisterRemoteDatasourceImp.swift; sourceTree = "<group>"; };
		ECDE9C0E2BAF9D2C00C1A4EC /* RegisterLocalDatasourceContract.swift */ = {isa = PBXFileReference; fileEncoding = 4; lastKnownFileType = sourcecode.swift; path = RegisterLocalDatasourceContract.swift; sourceTree = "<group>"; };
		ECDE9C102BAF9D2C00C1A4EC /* RegisterRepositoryImp.swift */ = {isa = PBXFileReference; fileEncoding = 4; lastKnownFileType = sourcecode.swift; path = RegisterRepositoryImp.swift; sourceTree = "<group>"; };
		ECDE9C132BAF9D2C00C1A4EC /* RegisterRepositoryContract.swift */ = {isa = PBXFileReference; fileEncoding = 4; lastKnownFileType = sourcecode.swift; path = RegisterRepositoryContract.swift; sourceTree = "<group>"; };
		ECDE9C152BAF9D2C00C1A4EC /* RegisterUsecaseImp.swift */ = {isa = PBXFileReference; fileEncoding = 4; lastKnownFileType = sourcecode.swift; path = RegisterUsecaseImp.swift; sourceTree = "<group>"; };
		ECDE9C172BAF9D2C00C1A4EC /* RegisterUsecaseContract.swift */ = {isa = PBXFileReference; fileEncoding = 4; lastKnownFileType = sourcecode.swift; path = RegisterUsecaseContract.swift; sourceTree = "<group>"; };
		ECDE9C1A2BAF9D2C00C1A4EC /* RegisterViewModelContract.swift */ = {isa = PBXFileReference; fileEncoding = 4; lastKnownFileType = sourcecode.swift; path = RegisterViewModelContract.swift; sourceTree = "<group>"; };
		ECDE9C1B2BAF9D2C00C1A4EC /* RegisterViewModel.swift */ = {isa = PBXFileReference; fileEncoding = 4; lastKnownFileType = sourcecode.swift; path = RegisterViewModel.swift; sourceTree = "<group>"; };
		ECDE9C1D2BAF9D2C00C1A4EC /* RegisterScreenAnalyticEventImplementation.swift */ = {isa = PBXFileReference; fileEncoding = 4; lastKnownFileType = sourcecode.swift; path = RegisterScreenAnalyticEventImplementation.swift; sourceTree = "<group>"; };
		ECDE9C1F2BAF9D2C00C1A4EC /* RegisterViewController.storyboard */ = {isa = PBXFileReference; fileEncoding = 4; lastKnownFileType = file.storyboard; path = RegisterViewController.storyboard; sourceTree = "<group>"; };
		ECDE9C202BAF9D2C00C1A4EC /* RegisterViewController.swift */ = {isa = PBXFileReference; fileEncoding = 4; lastKnownFileType = sourcecode.swift; path = RegisterViewController.swift; sourceTree = "<group>"; };
		ECE419D92BAF0A250038BF2B /* MoviesWorld.app */ = {isa = PBXFileReference; explicitFileType = wrapper.application; includeInIndex = 0; path = MoviesWorld.app; sourceTree = BUILT_PRODUCTS_DIR; };
		ECE419DC2BAF0A250038BF2B /* AppDelegate.swift */ = {isa = PBXFileReference; lastKnownFileType = sourcecode.swift; path = AppDelegate.swift; sourceTree = "<group>"; };
		ECE419E52BAF0A260038BF2B /* Assets.xcassets */ = {isa = PBXFileReference; lastKnownFileType = folder.assetcatalog; path = Assets.xcassets; sourceTree = "<group>"; };
		ECE419E82BAF0A260038BF2B /* Base */ = {isa = PBXFileReference; lastKnownFileType = file.storyboard; name = Base; path = Base.lproj/LaunchScreen.storyboard; sourceTree = "<group>"; };
		ECE419EA2BAF0A260038BF2B /* Info.plist */ = {isa = PBXFileReference; lastKnownFileType = text.plist.xml; path = Info.plist; sourceTree = "<group>"; };
		ECE419EF2BAF0A270038BF2B /* MoviesWorldTests.xctest */ = {isa = PBXFileReference; explicitFileType = wrapper.cfbundle; includeInIndex = 0; path = MoviesWorldTests.xctest; sourceTree = BUILT_PRODUCTS_DIR; };
		ECE419F32BAF0A270038BF2B /* MoviesWorldTests.swift */ = {isa = PBXFileReference; lastKnownFileType = sourcecode.swift; path = MoviesWorldTests.swift; sourceTree = "<group>"; };
		ECE419F92BAF0A270038BF2B /* MoviesWorldUITests.xctest */ = {isa = PBXFileReference; explicitFileType = wrapper.cfbundle; includeInIndex = 0; path = MoviesWorldUITests.xctest; sourceTree = BUILT_PRODUCTS_DIR; };
		ECE419FD2BAF0A270038BF2B /* MoviesWorldUITests.swift */ = {isa = PBXFileReference; lastKnownFileType = sourcecode.swift; path = MoviesWorldUITests.swift; sourceTree = "<group>"; };
		ECE419FF2BAF0A270038BF2B /* MoviesWorldUITestsLaunchTests.swift */ = {isa = PBXFileReference; lastKnownFileType = sourcecode.swift; path = MoviesWorldUITestsLaunchTests.swift; sourceTree = "<group>"; };
		ECE41A102BAF1DA40038BF2B /* SplashScreenViewModel.swift */ = {isa = PBXFileReference; fileEncoding = 4; lastKnownFileType = sourcecode.swift; path = SplashScreenViewModel.swift; sourceTree = "<group>"; };
		ECE41A112BAF1DA40038BF2B /* SplashViewModelContract.swift */ = {isa = PBXFileReference; fileEncoding = 4; lastKnownFileType = sourcecode.swift; path = SplashViewModelContract.swift; sourceTree = "<group>"; };
		ECE41A132BAF1DA40038BF2B /* SplashScreenViewController.swift */ = {isa = PBXFileReference; fileEncoding = 4; lastKnownFileType = sourcecode.swift; path = SplashScreenViewController.swift; sourceTree = "<group>"; };
		ECE41A142BAF1DA40038BF2B /* SplashScreenViewController.storyboard */ = {isa = PBXFileReference; fileEncoding = 4; lastKnownFileType = file.storyboard; path = SplashScreenViewController.storyboard; sourceTree = "<group>"; };
		ECE41A612BAF1DC50038BF2B /* LocalUserDefault.swift */ = {isa = PBXFileReference; fileEncoding = 4; lastKnownFileType = sourcecode.swift; path = LocalUserDefault.swift; sourceTree = "<group>"; };
		ECE41A642BAF1DC50038BF2B /* AppCoordinator.swift */ = {isa = PBXFileReference; fileEncoding = 4; lastKnownFileType = sourcecode.swift; path = AppCoordinator.swift; sourceTree = "<group>"; };
		ECE41A652BAF1DC50038BF2B /* CoordinatorProtocol.swift */ = {isa = PBXFileReference; fileEncoding = 4; lastKnownFileType = sourcecode.swift; path = CoordinatorProtocol.swift; sourceTree = "<group>"; };
		ECE41A672BAF1DC50038BF2B /* BaseViewModelContract.swift */ = {isa = PBXFileReference; fileEncoding = 4; lastKnownFileType = sourcecode.swift; path = BaseViewModelContract.swift; sourceTree = "<group>"; };
		ECE41A682BAF1DC50038BF2B /* PaginationContract.swift */ = {isa = PBXFileReference; fileEncoding = 4; lastKnownFileType = sourcecode.swift; path = PaginationContract.swift; sourceTree = "<group>"; };
		ECE41A6A2BAF1DC50038BF2B /* RemoteConfigKeys.swift */ = {isa = PBXFileReference; fileEncoding = 4; lastKnownFileType = sourcecode.swift; path = RemoteConfigKeys.swift; sourceTree = "<group>"; };
		ECE41A6B2BAF1DC50038BF2B /* RemoteConfigService.swift */ = {isa = PBXFileReference; fileEncoding = 4; lastKnownFileType = sourcecode.swift; path = RemoteConfigService.swift; sourceTree = "<group>"; };
		ECE41A6D2BAF1DC50038BF2B /* BaseViewController.swift */ = {isa = PBXFileReference; fileEncoding = 4; lastKnownFileType = sourcecode.swift; path = BaseViewController.swift; sourceTree = "<group>"; };
		ECE41A6E2BAF1DC50038BF2B /* Injector.swift */ = {isa = PBXFileReference; fileEncoding = 4; lastKnownFileType = sourcecode.swift; path = Injector.swift; sourceTree = "<group>"; };
		ECE41A702BAF1DC50038BF2B /* TargetType.swift */ = {isa = PBXFileReference; fileEncoding = 4; lastKnownFileType = sourcecode.swift; path = TargetType.swift; sourceTree = "<group>"; };
		ECE41A712BAF1DC50038BF2B /* BaseAPI.swift */ = {isa = PBXFileReference; fileEncoding = 4; lastKnownFileType = sourcecode.swift; path = BaseAPI.swift; sourceTree = "<group>"; };
		ECE41A722BAF1DC50038BF2B /* ApplicationNetworking.swift */ = {isa = PBXFileReference; fileEncoding = 4; lastKnownFileType = sourcecode.swift; path = ApplicationNetworking.swift; sourceTree = "<group>"; };
		ECE41A752BAF1DC50038BF2B /* AnalyticsService.swift */ = {isa = PBXFileReference; fileEncoding = 4; lastKnownFileType = sourcecode.swift; path = AnalyticsService.swift; sourceTree = "<group>"; };
		ECE41A762BAF1DC50038BF2B /* AnalyticsServiceContract.swift */ = {isa = PBXFileReference; fileEncoding = 4; lastKnownFileType = sourcecode.swift; path = AnalyticsServiceContract.swift; sourceTree = "<group>"; };
		ECE41A792BAF1DC50038BF2B /* MixPanelAnalyticsProvider.swift */ = {isa = PBXFileReference; fileEncoding = 4; lastKnownFileType = sourcecode.swift; path = MixPanelAnalyticsProvider.swift; sourceTree = "<group>"; };
		ECE41A7B2BAF1DC50038BF2B /* FirebaseAnalyticsProvider.swift */ = {isa = PBXFileReference; fileEncoding = 4; lastKnownFileType = sourcecode.swift; path = FirebaseAnalyticsProvider.swift; sourceTree = "<group>"; };
		ECE41A7C2BAF1DC50038BF2B /* GoogleService-Info.plist */ = {isa = PBXFileReference; fileEncoding = 4; lastKnownFileType = text.plist.xml; path = "GoogleService-Info.plist"; sourceTree = "<group>"; };
		ECE41A7F2BAF1DC50038BF2B /* AnalyticsProviderContract.swift */ = {isa = PBXFileReference; fileEncoding = 4; lastKnownFileType = sourcecode.swift; path = AnalyticsProviderContract.swift; sourceTree = "<group>"; };
		ECE41A802BAF1DC50038BF2B /* AnalyticsEventContract.swift */ = {isa = PBXFileReference; fileEncoding = 4; lastKnownFileType = sourcecode.swift; path = AnalyticsEventContract.swift; sourceTree = "<group>"; };
		ECE41A992BAF1EB90038BF2B /* Constants.swift */ = {isa = PBXFileReference; fileEncoding = 4; lastKnownFileType = sourcecode.swift; path = Constants.swift; sourceTree = "<group>"; };
		ECE41A9A2BAF1EB90038BF2B /* Enums.swift */ = {isa = PBXFileReference; fileEncoding = 4; lastKnownFileType = sourcecode.swift; path = Enums.swift; sourceTree = "<group>"; };
		ECE41A9E2BAF1EB90038BF2B /* Bundle+Extension.swift */ = {isa = PBXFileReference; fileEncoding = 4; lastKnownFileType = sourcecode.swift; path = "Bundle+Extension.swift"; sourceTree = "<group>"; };
		ECE41A9F2BAF1EB90038BF2B /* NotificationCenter+Extension.swift */ = {isa = PBXFileReference; fileEncoding = 4; lastKnownFileType = sourcecode.swift; path = "NotificationCenter+Extension.swift"; sourceTree = "<group>"; };
		ECE41AA02BAF1EB90038BF2B /* ViewController+Extension.swift */ = {isa = PBXFileReference; fileEncoding = 4; lastKnownFileType = sourcecode.swift; path = "ViewController+Extension.swift"; sourceTree = "<group>"; };
		ECE41AA12BAF1EB90038BF2B /* Utils.swift */ = {isa = PBXFileReference; fileEncoding = 4; lastKnownFileType = sourcecode.swift; path = Utils.swift; sourceTree = "<group>"; };
		F4AB91AFAF0BD6DC29F53EB9 /* Pods-MoviesWorldTests.debug.xcconfig */ = {isa = PBXFileReference; includeInIndex = 1; lastKnownFileType = text.xcconfig; name = "Pods-MoviesWorldTests.debug.xcconfig"; path = "Target Support Files/Pods-MoviesWorldTests/Pods-MoviesWorldTests.debug.xcconfig"; sourceTree = "<group>"; };
/* End PBXFileReference section */

/* Begin PBXFrameworksBuildPhase section */
		ECE419D62BAF0A250038BF2B /* Frameworks */ = {
			isa = PBXFrameworksBuildPhase;
			buildActionMask = 2147483647;
			files = (
				872B7D85BA57BEC9B93A9CB2 /* Pods_MoviesWorld.framework in Frameworks */,
			);
			runOnlyForDeploymentPostprocessing = 0;
		};
		ECE419EC2BAF0A270038BF2B /* Frameworks */ = {
			isa = PBXFrameworksBuildPhase;
			buildActionMask = 2147483647;
			files = (
				952DDDA4E32846A470F5CEC2 /* Pods_MoviesWorldTests.framework in Frameworks */,
			);
			runOnlyForDeploymentPostprocessing = 0;
		};
		ECE419F62BAF0A270038BF2B /* Frameworks */ = {
			isa = PBXFrameworksBuildPhase;
			buildActionMask = 2147483647;
			files = (
				86BA85ED477A4B1BE707A805 /* Pods_MoviesWorld_MoviesWorldUITests.framework in Frameworks */,
			);
			runOnlyForDeploymentPostprocessing = 0;
		};
/* End PBXFrameworksBuildPhase section */

/* Begin PBXGroup section */
		2327D453A1268BC85F555F35 /* Frameworks */ = {
			isa = PBXGroup;
			children = (
				92DE3AE14693CE2E99A912D6 /* Pods_MoviesWorld.framework */,
				BC912AFDC17D848F3693A582 /* Pods_MoviesWorld_MoviesWorldUITests.framework */,
				22D463B6B9D01AA924F4F91A /* Pods_MoviesWorldTests.framework */,
			);
			name = Frameworks;
			sourceTree = "<group>";
		};
		359893B6437F3BFE3C7F98B9 /* Pods */ = {
			isa = PBXGroup;
			children = (
				8C42F9B635DF124648BDE828 /* Pods-MoviesWorld.debug.xcconfig */,
				46796AC122A38C7C8334A7A0 /* Pods-MoviesWorld.release.xcconfig */,
				7081612F5F4BBA0587AC4B84 /* Pods-MoviesWorld-MoviesWorldUITests.debug.xcconfig */,
				AA64736387DF48E0A9226A05 /* Pods-MoviesWorld-MoviesWorldUITests.release.xcconfig */,
				F4AB91AFAF0BD6DC29F53EB9 /* Pods-MoviesWorldTests.debug.xcconfig */,
				2380BB835E6EE50D46B2F826 /* Pods-MoviesWorldTests.release.xcconfig */,
			);
			path = Pods;
			sourceTree = "<group>";
		};
		EC6FF9E52BB60F2F005CE30B /* DetailsScreen */ = {
			isa = PBXGroup;
			children = (
				EC6FF9FB2BB613F9005CE30B /* Data */,
				EC6FF9F12BB6127E005CE30B /* Domain */,
				EC6FF9E62BB60F2F005CE30B /* Presentation */,
			);
			path = DetailsScreen;
			sourceTree = "<group>";
		};
		EC6FF9E62BB60F2F005CE30B /* Presentation */ = {
			isa = PBXGroup;
			children = (
				EC6FF9E72BB60F2F005CE30B /* ViewModel */,
				EC6FF9EA2BB60F2F005CE30B /* View */,
			);
			path = Presentation;
			sourceTree = "<group>";
		};
		EC6FF9E72BB60F2F005CE30B /* ViewModel */ = {
			isa = PBXGroup;
			children = (
				EC6FF9E82BB60F2F005CE30B /* DetailsViewModelContract.swift */,
				EC6FF9E92BB60F2F005CE30B /* DetailsViewModel.swift */,
			);
			path = ViewModel;
			sourceTree = "<group>";
		};
		EC6FF9EA2BB60F2F005CE30B /* View */ = {
			isa = PBXGroup;
			children = (
				EC6FF9EB2BB60F2F005CE30B /* DetailsViewController.storyboard */,
				EC6FF9EC2BB60F2F005CE30B /* DetailsViewController.swift */,
			);
			path = View;
			sourceTree = "<group>";
		};
		EC6FF9F12BB6127E005CE30B /* Domain */ = {
			isa = PBXGroup;
			children = (
				EC6FF9F42BB61294005CE30B /* RepositoryContract */,
				EC6FF9F32BB6128D005CE30B /* UsecaseContracts */,
				EC6FF9F22BB61288005CE30B /* Usecase */,
			);
			path = Domain;
			sourceTree = "<group>";
		};
		EC6FF9F22BB61288005CE30B /* Usecase */ = {
			isa = PBXGroup;
			children = (
				EC6FF9F72BB61310005CE30B /* MovieDetailsUsecaseImp.swift */,
			);
			path = Usecase;
			sourceTree = "<group>";
		};
		EC6FF9F32BB6128D005CE30B /* UsecaseContracts */ = {
			isa = PBXGroup;
			children = (
				EC6FF9F52BB612AA005CE30B /* MovieDetailsUsecaseContract.swift */,
			);
			path = UsecaseContracts;
			sourceTree = "<group>";
		};
		EC6FF9F42BB61294005CE30B /* RepositoryContract */ = {
			isa = PBXGroup;
			children = (
				EC6FF9F92BB61370005CE30B /* MovieDetailsRepositoryContract.swift */,
			);
			path = RepositoryContract;
			sourceTree = "<group>";
		};
		EC6FF9FB2BB613F9005CE30B /* Data */ = {
			isa = PBXGroup;
			children = (
				EC6FFA052BB6154F005CE30B /* Model */,
				EC6FF9FF2BB614C0005CE30B /* Datasource */,
				EC6FF9FC2BB61403005CE30B /* Repository */,
			);
			path = Data;
			sourceTree = "<group>";
		};
		EC6FF9FC2BB61403005CE30B /* Repository */ = {
			isa = PBXGroup;
			children = (
				EC6FF9FD2BB61412005CE30B /* MovieDetailsRepositoryImp.swift */,
			);
			path = Repository;
			sourceTree = "<group>";
		};
		EC6FF9FF2BB614C0005CE30B /* Datasource */ = {
			isa = PBXGroup;
			children = (
				EC6FFA002BB614CA005CE30B /* MovieDetailsDatasource */,
			);
			path = Datasource;
			sourceTree = "<group>";
		};
		EC6FFA002BB614CA005CE30B /* MovieDetailsDatasource */ = {
			isa = PBXGroup;
			children = (
				EC6FFA012BB614E1005CE30B /* MovieDetailsRemoteDatasourceContract.swift */,
				EC6FFA032BB61513005CE30B /* MovieDetailsRemoteDatasourceImp.swift */,
			);
			path = MovieDetailsDatasource;
			sourceTree = "<group>";
		};
		EC6FFA052BB6154F005CE30B /* Model */ = {
			isa = PBXGroup;
			children = (
				EC6FFA062BB6155D005CE30B /* MovieDetailsModel.swift */,
			);
			path = Model;
			sourceTree = "<group>";
		};
		EC6FFA082BB639E6005CE30B /* WebViewScreen */ = {
			isa = PBXGroup;
			children = (
				EC6FFA092BB639FC005CE30B /* WebViewController.swift */,
			);
			path = WebViewScreen;
			sourceTree = "<group>";
		};
		EC71E15F2BB0D292000C3AF4 /* HomeScreen */ = {
			isa = PBXGroup;
			children = (
				EC71E1602BB0D292000C3AF4 /* Data */,
				EC71E16C2BB0D292000C3AF4 /* Domain */,
				EC71E1732BB0D292000C3AF4 /* Presentation */,
			);
			path = HomeScreen;
			sourceTree = "<group>";
		};
		EC71E1602BB0D292000C3AF4 /* Data */ = {
			isa = PBXGroup;
			children = (
				EC71E1612BB0D292000C3AF4 /* Datasource */,
				EC71E1682BB0D292000C3AF4 /* Repository */,
				EC71E16A2BB0D292000C3AF4 /* Model */,
			);
			path = Data;
			sourceTree = "<group>";
		};
		EC71E1612BB0D292000C3AF4 /* Datasource */ = {
			isa = PBXGroup;
			children = (
				EC71E1652BB0D292000C3AF4 /* MoviesRemoteDatasource */,
			);
			path = Datasource;
			sourceTree = "<group>";
		};
		EC71E1652BB0D292000C3AF4 /* MoviesRemoteDatasource */ = {
			isa = PBXGroup;
			children = (
				EC71E1662BB0D292000C3AF4 /* MoviesRemoteDatasource.swift */,
				EC71E1672BB0D292000C3AF4 /* MoviesRemoteDatasourceContract.swift */,
			);
			path = MoviesRemoteDatasource;
			sourceTree = "<group>";
		};
		EC71E1682BB0D292000C3AF4 /* Repository */ = {
			isa = PBXGroup;
			children = (
				EC71E1692BB0D292000C3AF4 /* MoviesRepositoryImp.swift */,
			);
			path = Repository;
			sourceTree = "<group>";
		};
		EC71E16A2BB0D292000C3AF4 /* Model */ = {
			isa = PBXGroup;
			children = (
				EC71E16B2BB0D292000C3AF4 /* MoviesModel.swift */,
			);
			path = Model;
			sourceTree = "<group>";
		};
		EC71E16C2BB0D292000C3AF4 /* Domain */ = {
			isa = PBXGroup;
			children = (
				EC71E16D2BB0D292000C3AF4 /* UsecasContract */,
				EC71E16F2BB0D292000C3AF4 /* RepositoryContract */,
				EC71E1712BB0D292000C3AF4 /* Usecase */,
			);
			path = Domain;
			sourceTree = "<group>";
		};
		EC71E16D2BB0D292000C3AF4 /* UsecasContract */ = {
			isa = PBXGroup;
			children = (
				EC71E16E2BB0D292000C3AF4 /* MoviesUsecasContract.swift */,
			);
			path = UsecasContract;
			sourceTree = "<group>";
		};
		EC71E16F2BB0D292000C3AF4 /* RepositoryContract */ = {
			isa = PBXGroup;
			children = (
				EC71E1702BB0D292000C3AF4 /* MoviesRepositoryContract.swift */,
			);
			path = RepositoryContract;
			sourceTree = "<group>";
		};
		EC71E1712BB0D292000C3AF4 /* Usecase */ = {
			isa = PBXGroup;
			children = (
				EC71E1722BB0D292000C3AF4 /* MoviesUsecaseImp.swift */,
			);
			path = Usecase;
			sourceTree = "<group>";
		};
		EC71E1732BB0D292000C3AF4 /* Presentation */ = {
			isa = PBXGroup;
			children = (
				EC71E1742BB0D292000C3AF4 /* ViewModel */,
				EC71E1772BB0D292000C3AF4 /* Model */,
				EC71E17A2BB0D292000C3AF4 /* View */,
			);
			path = Presentation;
			sourceTree = "<group>";
		};
		EC71E1742BB0D292000C3AF4 /* ViewModel */ = {
			isa = PBXGroup;
			children = (
				EC71E1752BB0D292000C3AF4 /* MoviesViewModel.swift */,
				EC71E1762BB0D292000C3AF4 /* MoviesViewModelContract.swift */,
			);
			path = ViewModel;
			sourceTree = "<group>";
		};
		EC71E1772BB0D292000C3AF4 /* Model */ = {
			isa = PBXGroup;
			children = (
				EC71E1792BB0D292000C3AF4 /* MoviesSreenAnalyticEventImplementation.swift */,
			);
			path = Model;
			sourceTree = "<group>";
		};
		EC71E17A2BB0D292000C3AF4 /* View */ = {
			isa = PBXGroup;
			children = (
				EC71E17B2BB0D292000C3AF4 /* MovieCell */,
				EC71E17E2BB0D292000C3AF4 /* MoviesViewController.swift */,
				EC71E17F2BB0D292000C3AF4 /* MoviesViewController.storyboard */,
			);
			path = View;
			sourceTree = "<group>";
		};
		EC71E17B2BB0D292000C3AF4 /* MovieCell */ = {
			isa = PBXGroup;
			children = (
				EC71E17C2BB0D292000C3AF4 /* MovieTableViewCell.swift */,
				EC71E17D2BB0D292000C3AF4 /* MovieTableViewCell.xib */,
				EC6FF9E12BB4EFE4005CE30B /* MovieTableViewCellModel.swift */,
			);
			path = MovieCell;
			sourceTree = "<group>";
		};
		ECDE9BDF2BAF7EE700C1A4EC /* Localization */ = {
			isa = PBXGroup;
			children = (
				ECDE9BE02BAF7EE700C1A4EC /* Localizable.strings */,
				ECDE9BE32BAF7EE700C1A4EC /* Localize.swift */,
			);
			path = Localization;
			sourceTree = "<group>";
		};
		ECDE9BE82BAF9C4D00C1A4EC /* LoginScreen */ = {
			isa = PBXGroup;
			children = (
				ECDE9BE92BAF9C4D00C1A4EC /* Data */,
				ECDE9BEF2BAF9C4D00C1A4EC /* Domain */,
				ECDE9BF62BAF9C4D00C1A4EC /* Presentation */,
			);
			path = LoginScreen;
			sourceTree = "<group>";
		};
		ECDE9BE92BAF9C4D00C1A4EC /* Data */ = {
			isa = PBXGroup;
			children = (
				ECDE9BEA2BAF9C4D00C1A4EC /* Datasource */,
				ECDE9BED2BAF9C4D00C1A4EC /* Repository */,
			);
			path = Data;
			sourceTree = "<group>";
		};
		ECDE9BEA2BAF9C4D00C1A4EC /* Datasource */ = {
			isa = PBXGroup;
			children = (
				ECDE9BEB2BAF9C4D00C1A4EC /* LoginLocalDataSourceContract.swift */,
				ECDE9BEC2BAF9C4D00C1A4EC /* LoginRemoteDataSourceImp.swift */,
			);
			path = Datasource;
			sourceTree = "<group>";
		};
		ECDE9BED2BAF9C4D00C1A4EC /* Repository */ = {
			isa = PBXGroup;
			children = (
				ECDE9BEE2BAF9C4D00C1A4EC /* LoginRepositoryImp.swift */,
			);
			path = Repository;
			sourceTree = "<group>";
		};
		ECDE9BEF2BAF9C4D00C1A4EC /* Domain */ = {
			isa = PBXGroup;
			children = (
				ECDE9BF02BAF9C4D00C1A4EC /* RepositoryContract */,
				ECDE9BF22BAF9C4D00C1A4EC /* UseCase */,
				ECDE9BF42BAF9C4D00C1A4EC /* UseCaseContract */,
			);
			path = Domain;
			sourceTree = "<group>";
		};
		ECDE9BF02BAF9C4D00C1A4EC /* RepositoryContract */ = {
			isa = PBXGroup;
			children = (
				ECDE9BF12BAF9C4D00C1A4EC /* LoginRepositoryContract.swift */,
			);
			path = RepositoryContract;
			sourceTree = "<group>";
		};
		ECDE9BF22BAF9C4D00C1A4EC /* UseCase */ = {
			isa = PBXGroup;
			children = (
				ECDE9BF32BAF9C4D00C1A4EC /* LoginUseCaseImp.swift */,
			);
			path = UseCase;
			sourceTree = "<group>";
		};
		ECDE9BF42BAF9C4D00C1A4EC /* UseCaseContract */ = {
			isa = PBXGroup;
			children = (
				ECDE9BF52BAF9C4D00C1A4EC /* LoginUseCaseContract.swift */,
			);
			path = UseCaseContract;
			sourceTree = "<group>";
		};
		ECDE9BF62BAF9C4D00C1A4EC /* Presentation */ = {
			isa = PBXGroup;
			children = (
				ECDE9BF72BAF9C4D00C1A4EC /* ViewModel */,
				ECDE9BFA2BAF9C4D00C1A4EC /* Model */,
				ECDE9BFC2BAF9C4D00C1A4EC /* Views */,
			);
			path = Presentation;
			sourceTree = "<group>";
		};
		ECDE9BF72BAF9C4D00C1A4EC /* ViewModel */ = {
			isa = PBXGroup;
			children = (
				ECDE9BF82BAF9C4D00C1A4EC /* LoginViewModelContract.swift */,
				ECDE9BF92BAF9C4D00C1A4EC /* LoginViewModel.swift */,
			);
			path = ViewModel;
			sourceTree = "<group>";
		};
		ECDE9BFA2BAF9C4D00C1A4EC /* Model */ = {
			isa = PBXGroup;
			children = (
				ECDE9BFB2BAF9C4D00C1A4EC /* LoginScreenAnalyticEventImplementation.swift */,
			);
			path = Model;
			sourceTree = "<group>";
		};
		ECDE9BFC2BAF9C4D00C1A4EC /* Views */ = {
			isa = PBXGroup;
			children = (
				ECDE9BFD2BAF9C4D00C1A4EC /* LoginViewController.swift */,
				ECDE9BFE2BAF9C4D00C1A4EC /* LoginViewController.storyboard */,
			);
			path = Views;
			sourceTree = "<group>";
		};
		ECDE9C0A2BAF9D2B00C1A4EC /* RegisterScreen */ = {
			isa = PBXGroup;
			children = (
				ECDE9C182BAF9D2C00C1A4EC /* Presentation */,
				ECDE9C112BAF9D2C00C1A4EC /* Domain */,
				ECDE9C0B2BAF9D2C00C1A4EC /* Data */,
			);
			path = RegisterScreen;
			sourceTree = "<group>";
		};
		ECDE9C0B2BAF9D2C00C1A4EC /* Data */ = {
			isa = PBXGroup;
			children = (
				ECDE9C0C2BAF9D2C00C1A4EC /* Datasource */,
				ECDE9C0F2BAF9D2C00C1A4EC /* Repository */,
			);
			path = Data;
			sourceTree = "<group>";
		};
		ECDE9C0C2BAF9D2C00C1A4EC /* Datasource */ = {
			isa = PBXGroup;
			children = (
				ECDE9C0D2BAF9D2C00C1A4EC /* RegisterRemoteDatasourceImp.swift */,
				ECDE9C0E2BAF9D2C00C1A4EC /* RegisterLocalDatasourceContract.swift */,
			);
			path = Datasource;
			sourceTree = "<group>";
		};
		ECDE9C0F2BAF9D2C00C1A4EC /* Repository */ = {
			isa = PBXGroup;
			children = (
				ECDE9C102BAF9D2C00C1A4EC /* RegisterRepositoryImp.swift */,
			);
			path = Repository;
			sourceTree = "<group>";
		};
		ECDE9C112BAF9D2C00C1A4EC /* Domain */ = {
			isa = PBXGroup;
			children = (
				ECDE9C122BAF9D2C00C1A4EC /* RepositoryContract */,
				ECDE9C142BAF9D2C00C1A4EC /* Usecase */,
				ECDE9C162BAF9D2C00C1A4EC /* UsecaseContract */,
			);
			path = Domain;
			sourceTree = "<group>";
		};
		ECDE9C122BAF9D2C00C1A4EC /* RepositoryContract */ = {
			isa = PBXGroup;
			children = (
				ECDE9C132BAF9D2C00C1A4EC /* RegisterRepositoryContract.swift */,
			);
			path = RepositoryContract;
			sourceTree = "<group>";
		};
		ECDE9C142BAF9D2C00C1A4EC /* Usecase */ = {
			isa = PBXGroup;
			children = (
				ECDE9C152BAF9D2C00C1A4EC /* RegisterUsecaseImp.swift */,
			);
			path = Usecase;
			sourceTree = "<group>";
		};
		ECDE9C162BAF9D2C00C1A4EC /* UsecaseContract */ = {
			isa = PBXGroup;
			children = (
				ECDE9C172BAF9D2C00C1A4EC /* RegisterUsecaseContract.swift */,
			);
			path = UsecaseContract;
			sourceTree = "<group>";
		};
		ECDE9C182BAF9D2C00C1A4EC /* Presentation */ = {
			isa = PBXGroup;
			children = (
				ECDE9C192BAF9D2C00C1A4EC /* ViewModel */,
				ECDE9C1C2BAF9D2C00C1A4EC /* Models */,
				ECDE9C1E2BAF9D2C00C1A4EC /* Views */,
			);
			path = Presentation;
			sourceTree = "<group>";
		};
		ECDE9C192BAF9D2C00C1A4EC /* ViewModel */ = {
			isa = PBXGroup;
			children = (
				ECDE9C1A2BAF9D2C00C1A4EC /* RegisterViewModelContract.swift */,
				ECDE9C1B2BAF9D2C00C1A4EC /* RegisterViewModel.swift */,
			);
			path = ViewModel;
			sourceTree = "<group>";
		};
		ECDE9C1C2BAF9D2C00C1A4EC /* Models */ = {
			isa = PBXGroup;
			children = (
				ECDE9C1D2BAF9D2C00C1A4EC /* RegisterScreenAnalyticEventImplementation.swift */,
				ECBD058D2BAFB68D0057995E /* UserModel.swift */,
			);
			path = Models;
			sourceTree = "<group>";
		};
		ECDE9C1E2BAF9D2C00C1A4EC /* Views */ = {
			isa = PBXGroup;
			children = (
				ECDE9C1F2BAF9D2C00C1A4EC /* RegisterViewController.storyboard */,
				ECDE9C202BAF9D2C00C1A4EC /* RegisterViewController.swift */,
			);
			path = Views;
			sourceTree = "<group>";
		};
		ECE419D02BAF0A250038BF2B = {
			isa = PBXGroup;
			children = (
				ECE419DB2BAF0A250038BF2B /* MoviesWorld */,
				ECE419F22BAF0A270038BF2B /* MoviesWorldTests */,
				ECE419FC2BAF0A270038BF2B /* MoviesWorldUITests */,
				ECE419DA2BAF0A250038BF2B /* Products */,
				359893B6437F3BFE3C7F98B9 /* Pods */,
				2327D453A1268BC85F555F35 /* Frameworks */,
			);
			sourceTree = "<group>";
		};
		ECE419DA2BAF0A250038BF2B /* Products */ = {
			isa = PBXGroup;
			children = (
				ECE419D92BAF0A250038BF2B /* MoviesWorld.app */,
				ECE419EF2BAF0A270038BF2B /* MoviesWorldTests.xctest */,
				ECE419F92BAF0A270038BF2B /* MoviesWorldUITests.xctest */,
			);
			name = Products;
			sourceTree = "<group>";
		};
		ECE419DB2BAF0A250038BF2B /* MoviesWorld */ = {
			isa = PBXGroup;
			children = (
				ECE41A0C2BAF13DE0038BF2B /* ApplicationSupport */,
				ECE41A0D2BAF1DA40038BF2B /* SplashScreen */,
				ECDE9BE82BAF9C4D00C1A4EC /* LoginScreen */,
				ECDE9C0A2BAF9D2B00C1A4EC /* RegisterScreen */,
				EC71E15F2BB0D292000C3AF4 /* HomeScreen */,
				EC6FF9E52BB60F2F005CE30B /* DetailsScreen */,
				EC6FFA082BB639E6005CE30B /* WebViewScreen */,
				ECE41A5D2BAF1DC50038BF2B /* Core */,
				ECE41A982BAF1EB90038BF2B /* Utils */,
			);
			path = MoviesWorld;
			sourceTree = "<group>";
		};
		ECE419F22BAF0A270038BF2B /* MoviesWorldTests */ = {
			isa = PBXGroup;
			children = (
				ECE419F32BAF0A270038BF2B /* MoviesWorldTests.swift */,
			);
			path = MoviesWorldTests;
			sourceTree = "<group>";
		};
		ECE419FC2BAF0A270038BF2B /* MoviesWorldUITests */ = {
			isa = PBXGroup;
			children = (
				ECE419FD2BAF0A270038BF2B /* MoviesWorldUITests.swift */,
				ECE419FF2BAF0A270038BF2B /* MoviesWorldUITestsLaunchTests.swift */,
			);
			path = MoviesWorldUITests;
			sourceTree = "<group>";
		};
		ECE41A0C2BAF13DE0038BF2B /* ApplicationSupport */ = {
			isa = PBXGroup;
			children = (
				ECE419DC2BAF0A250038BF2B /* AppDelegate.swift */,
				ECE419E52BAF0A260038BF2B /* Assets.xcassets */,
				ECE419E72BAF0A260038BF2B /* LaunchScreen.storyboard */,
				ECE419EA2BAF0A260038BF2B /* Info.plist */,
			);
			path = ApplicationSupport;
			sourceTree = "<group>";
		};
		ECE41A0D2BAF1DA40038BF2B /* SplashScreen */ = {
			isa = PBXGroup;
			children = (
				ECE41A0E2BAF1DA40038BF2B /* Presentation */,
			);
			path = SplashScreen;
			sourceTree = "<group>";
		};
		ECE41A0E2BAF1DA40038BF2B /* Presentation */ = {
			isa = PBXGroup;
			children = (
				ECE41A0F2BAF1DA40038BF2B /* ViewModel */,
				ECE41A122BAF1DA40038BF2B /* Views */,
			);
			path = Presentation;
			sourceTree = "<group>";
		};
		ECE41A0F2BAF1DA40038BF2B /* ViewModel */ = {
			isa = PBXGroup;
			children = (
				ECE41A102BAF1DA40038BF2B /* SplashScreenViewModel.swift */,
				ECE41A112BAF1DA40038BF2B /* SplashViewModelContract.swift */,
			);
			path = ViewModel;
			sourceTree = "<group>";
		};
		ECE41A122BAF1DA40038BF2B /* Views */ = {
			isa = PBXGroup;
			children = (
				ECE41A132BAF1DA40038BF2B /* SplashScreenViewController.swift */,
				ECE41A142BAF1DA40038BF2B /* SplashScreenViewController.storyboard */,
			);
			path = Views;
			sourceTree = "<group>";
		};
		ECE41A5D2BAF1DC50038BF2B /* Core */ = {
			isa = PBXGroup;
			children = (
				ECE41A5E2BAF1DC50038BF2B /* LocalService */,
				ECE41A632BAF1DC50038BF2B /* Coordinator */,
				ECE41A662BAF1DC50038BF2B /* Contracts */,
				ECE41A692BAF1DC50038BF2B /* RemoteConfig */,
				ECE41A6C2BAF1DC50038BF2B /* BaseViewController */,
				ECE41A6E2BAF1DC50038BF2B /* Injector.swift */,
				ECE41A6F2BAF1DC50038BF2B /* RemoteService */,
				ECE41A732BAF1DC50038BF2B /* Analytics */,
			);
			path = Core;
			sourceTree = "<group>";
		};
		ECE41A5E2BAF1DC50038BF2B /* LocalService */ = {
			isa = PBXGroup;
			children = (
				ECE41A612BAF1DC50038BF2B /* LocalUserDefault.swift */,
			);
			path = LocalService;
			sourceTree = "<group>";
		};
		ECE41A632BAF1DC50038BF2B /* Coordinator */ = {
			isa = PBXGroup;
			children = (
				ECE41A642BAF1DC50038BF2B /* AppCoordinator.swift */,
				ECE41A652BAF1DC50038BF2B /* CoordinatorProtocol.swift */,
			);
			path = Coordinator;
			sourceTree = "<group>";
		};
		ECE41A662BAF1DC50038BF2B /* Contracts */ = {
			isa = PBXGroup;
			children = (
				ECE41A672BAF1DC50038BF2B /* BaseViewModelContract.swift */,
				ECE41A682BAF1DC50038BF2B /* PaginationContract.swift */,
				EC6FF9DD2BB4EF37005CE30B /* BaseCellViewModelProtocol.swift */,
				EC6FF9DF2BB4EF71005CE30B /* CellViewProtocol.swift */,
			);
			path = Contracts;
			sourceTree = "<group>";
		};
		ECE41A692BAF1DC50038BF2B /* RemoteConfig */ = {
			isa = PBXGroup;
			children = (
				ECE41A6A2BAF1DC50038BF2B /* RemoteConfigKeys.swift */,
				ECE41A6B2BAF1DC50038BF2B /* RemoteConfigService.swift */,
			);
			path = RemoteConfig;
			sourceTree = "<group>";
		};
		ECE41A6C2BAF1DC50038BF2B /* BaseViewController */ = {
			isa = PBXGroup;
			children = (
				ECE41A6D2BAF1DC50038BF2B /* BaseViewController.swift */,
			);
			path = BaseViewController;
			sourceTree = "<group>";
		};
		ECE41A6F2BAF1DC50038BF2B /* RemoteService */ = {
			isa = PBXGroup;
			children = (
				ECE41A702BAF1DC50038BF2B /* TargetType.swift */,
				ECE41A712BAF1DC50038BF2B /* BaseAPI.swift */,
				ECE41A722BAF1DC50038BF2B /* ApplicationNetworking.swift */,
			);
			path = RemoteService;
			sourceTree = "<group>";
		};
		ECE41A732BAF1DC50038BF2B /* Analytics */ = {
			isa = PBXGroup;
			children = (
				ECE41A742BAF1DC50038BF2B /* AnalyticsService */,
				ECE41A772BAF1DC50038BF2B /* Providers */,
				ECE41A7E2BAF1DC50038BF2B /* Protocols */,
			);
			path = Analytics;
			sourceTree = "<group>";
		};
		ECE41A742BAF1DC50038BF2B /* AnalyticsService */ = {
			isa = PBXGroup;
			children = (
				ECE41A752BAF1DC50038BF2B /* AnalyticsService.swift */,
				ECE41A762BAF1DC50038BF2B /* AnalyticsServiceContract.swift */,
			);
			path = AnalyticsService;
			sourceTree = "<group>";
		};
		ECE41A772BAF1DC50038BF2B /* Providers */ = {
			isa = PBXGroup;
			children = (
				ECE41A792BAF1DC50038BF2B /* MixPanelAnalyticsProvider.swift */,
				ECE41A7A2BAF1DC50038BF2B /* FirebaseAnalytics */,
			);
			path = Providers;
			sourceTree = "<group>";
		};
		ECE41A7A2BAF1DC50038BF2B /* FirebaseAnalytics */ = {
			isa = PBXGroup;
			children = (
				ECE41A7B2BAF1DC50038BF2B /* FirebaseAnalyticsProvider.swift */,
				ECE41A7C2BAF1DC50038BF2B /* GoogleService-Info.plist */,
			);
			path = FirebaseAnalytics;
			sourceTree = "<group>";
		};
		ECE41A7E2BAF1DC50038BF2B /* Protocols */ = {
			isa = PBXGroup;
			children = (
				ECE41A7F2BAF1DC50038BF2B /* AnalyticsProviderContract.swift */,
				ECE41A802BAF1DC50038BF2B /* AnalyticsEventContract.swift */,
			);
			path = Protocols;
			sourceTree = "<group>";
		};
		ECE41A982BAF1EB90038BF2B /* Utils */ = {
			isa = PBXGroup;
			children = (
				ECE41A992BAF1EB90038BF2B /* Constants.swift */,
				ECE41A9A2BAF1EB90038BF2B /* Enums.swift */,
				ECE41A9B2BAF1EB90038BF2B /* Resources */,
				ECE41A9D2BAF1EB90038BF2B /* Extensions */,
				ECE41AA12BAF1EB90038BF2B /* Utils.swift */,
			);
			path = Utils;
			sourceTree = "<group>";
		};
		ECE41A9B2BAF1EB90038BF2B /* Resources */ = {
			isa = PBXGroup;
			children = (
				ECDE9BDF2BAF7EE700C1A4EC /* Localization */,
			);
			path = Resources;
			sourceTree = "<group>";
		};
		ECE41A9D2BAF1EB90038BF2B /* Extensions */ = {
			isa = PBXGroup;
			children = (
				ECE41A9E2BAF1EB90038BF2B /* Bundle+Extension.swift */,
				ECE41A9F2BAF1EB90038BF2B /* NotificationCenter+Extension.swift */,
				ECE41AA02BAF1EB90038BF2B /* ViewController+Extension.swift */,
				ECDE9BD92BAF6F0500C1A4EC /* UIView+Extension.swift */,
				ECDE9BDB2BAF784300C1A4EC /* UIImage+Extension.swift */,
				ECDE9BDD2BAF7B6300C1A4EC /* UITextField+Extension.swift */,
				ECDE9BE62BAF7F7700C1A4EC /* String+Extension.swift */,
			);
			path = Extensions;
			sourceTree = "<group>";
		};
/* End PBXGroup section */

/* Begin PBXNativeTarget section */
		ECE419D82BAF0A250038BF2B /* MoviesWorld */ = {
			isa = PBXNativeTarget;
			buildConfigurationList = ECE41A032BAF0A270038BF2B /* Build configuration list for PBXNativeTarget "MoviesWorld" */;
			buildPhases = (
				4546D3A7B55AFA6D39F01C2C /* [CP] Check Pods Manifest.lock */,
				ECE419D52BAF0A250038BF2B /* Sources */,
				ECE419D62BAF0A250038BF2B /* Frameworks */,
				ECE419D72BAF0A250038BF2B /* Resources */,
				3A906BE816DAD6D5F108F98E /* [CP] Embed Pods Frameworks */,
				EC6FFA0B2BB65C03005CE30B /* ShellScript */,
			);
			buildRules = (
			);
			dependencies = (
			);
			name = MoviesWorld;
			productName = MoviesWorld;
			productReference = ECE419D92BAF0A250038BF2B /* MoviesWorld.app */;
			productType = "com.apple.product-type.application";
		};
		ECE419EE2BAF0A270038BF2B /* MoviesWorldTests */ = {
			isa = PBXNativeTarget;
			buildConfigurationList = ECE41A062BAF0A270038BF2B /* Build configuration list for PBXNativeTarget "MoviesWorldTests" */;
			buildPhases = (
				E728DD6AB43540624217B125 /* [CP] Check Pods Manifest.lock */,
				ECE419EB2BAF0A270038BF2B /* Sources */,
				ECE419EC2BAF0A270038BF2B /* Frameworks */,
				ECE419ED2BAF0A270038BF2B /* Resources */,
			);
			buildRules = (
			);
			dependencies = (
				ECE419F12BAF0A270038BF2B /* PBXTargetDependency */,
			);
			name = MoviesWorldTests;
			productName = MoviesWorldTests;
			productReference = ECE419EF2BAF0A270038BF2B /* MoviesWorldTests.xctest */;
			productType = "com.apple.product-type.bundle.unit-test";
		};
		ECE419F82BAF0A270038BF2B /* MoviesWorldUITests */ = {
			isa = PBXNativeTarget;
			buildConfigurationList = ECE41A092BAF0A270038BF2B /* Build configuration list for PBXNativeTarget "MoviesWorldUITests" */;
			buildPhases = (
				F44714DFEC0AFC5F07268A9E /* [CP] Check Pods Manifest.lock */,
				ECE419F52BAF0A270038BF2B /* Sources */,
				ECE419F62BAF0A270038BF2B /* Frameworks */,
				ECE419F72BAF0A270038BF2B /* Resources */,
				A81110A0209688F1AE9DD6D8 /* [CP] Embed Pods Frameworks */,
			);
			buildRules = (
			);
			dependencies = (
				ECE419FB2BAF0A270038BF2B /* PBXTargetDependency */,
			);
			name = MoviesWorldUITests;
			productName = MoviesWorldUITests;
			productReference = ECE419F92BAF0A270038BF2B /* MoviesWorldUITests.xctest */;
			productType = "com.apple.product-type.bundle.ui-testing";
		};
/* End PBXNativeTarget section */

/* Begin PBXProject section */
		ECE419D12BAF0A250038BF2B /* Project object */ = {
			isa = PBXProject;
			attributes = {
				BuildIndependentTargetsInParallel = 1;
				LastSwiftUpdateCheck = 1420;
				LastUpgradeCheck = 1420;
				TargetAttributes = {
					ECE419D82BAF0A250038BF2B = {
						CreatedOnToolsVersion = 14.2;
					};
					ECE419EE2BAF0A270038BF2B = {
						CreatedOnToolsVersion = 14.2;
						TestTargetID = ECE419D82BAF0A250038BF2B;
					};
					ECE419F82BAF0A270038BF2B = {
						CreatedOnToolsVersion = 14.2;
						TestTargetID = ECE419D82BAF0A250038BF2B;
					};
				};
			};
			buildConfigurationList = ECE419D42BAF0A250038BF2B /* Build configuration list for PBXProject "MoviesWorld" */;
			compatibilityVersion = "Xcode 14.0";
			developmentRegion = en;
			hasScannedForEncodings = 0;
			knownRegions = (
				en,
				Base,
				ar,
			);
			mainGroup = ECE419D02BAF0A250038BF2B;
			productRefGroup = ECE419DA2BAF0A250038BF2B /* Products */;
			projectDirPath = "";
			projectRoot = "";
			targets = (
				ECE419D82BAF0A250038BF2B /* MoviesWorld */,
				ECE419EE2BAF0A270038BF2B /* MoviesWorldTests */,
				ECE419F82BAF0A270038BF2B /* MoviesWorldUITests */,
			);
		};
/* End PBXProject section */

/* Begin PBXResourcesBuildPhase section */
		ECE419D72BAF0A250038BF2B /* Resources */ = {
			isa = PBXResourcesBuildPhase;
			buildActionMask = 2147483647;
			files = (
				EC71E1902BB0D292000C3AF4 /* MoviesViewController.storyboard in Resources */,
				ECE419E92BAF0A260038BF2B /* LaunchScreen.storyboard in Resources */,
				ECE419E62BAF0A260038BF2B /* Assets.xcassets in Resources */,
				ECE41A462BAF1DA40038BF2B /* SplashScreenViewController.storyboard in Resources */,
				ECDE9C2A2BAF9D2C00C1A4EC /* RegisterViewController.storyboard in Resources */,
				EC71E18E2BB0D292000C3AF4 /* MovieTableViewCell.xib in Resources */,
				ECDE9C092BAF9C4E00C1A4EC /* LoginViewController.storyboard in Resources */,
				ECE41A942BAF1DC50038BF2B /* GoogleService-Info.plist in Resources */,
				EC6FF9EF2BB60F2F005CE30B /* DetailsViewController.storyboard in Resources */,
				ECDE9BE42BAF7EE700C1A4EC /* Localizable.strings in Resources */,
			);
			runOnlyForDeploymentPostprocessing = 0;
		};
		ECE419ED2BAF0A270038BF2B /* Resources */ = {
			isa = PBXResourcesBuildPhase;
			buildActionMask = 2147483647;
			files = (
			);
			runOnlyForDeploymentPostprocessing = 0;
		};
		ECE419F72BAF0A270038BF2B /* Resources */ = {
			isa = PBXResourcesBuildPhase;
			buildActionMask = 2147483647;
			files = (
			);
			runOnlyForDeploymentPostprocessing = 0;
		};
/* End PBXResourcesBuildPhase section */

/* Begin PBXShellScriptBuildPhase section */
		3A906BE816DAD6D5F108F98E /* [CP] Embed Pods Frameworks */ = {
			isa = PBXShellScriptBuildPhase;
			buildActionMask = 2147483647;
			files = (
			);
			inputFileListPaths = (
				"${PODS_ROOT}/Target Support Files/Pods-MoviesWorld/Pods-MoviesWorld-frameworks-${CONFIGURATION}-input-files.xcfilelist",
			);
			name = "[CP] Embed Pods Frameworks";
			outputFileListPaths = (
				"${PODS_ROOT}/Target Support Files/Pods-MoviesWorld/Pods-MoviesWorld-frameworks-${CONFIGURATION}-output-files.xcfilelist",
			);
			runOnlyForDeploymentPostprocessing = 0;
			shellPath = /bin/sh;
			shellScript = "\"${PODS_ROOT}/Target Support Files/Pods-MoviesWorld/Pods-MoviesWorld-frameworks.sh\"\n";
			showEnvVarsInLog = 0;
		};
		4546D3A7B55AFA6D39F01C2C /* [CP] Check Pods Manifest.lock */ = {
			isa = PBXShellScriptBuildPhase;
			buildActionMask = 2147483647;
			files = (
			);
			inputFileListPaths = (
			);
			inputPaths = (
				"${PODS_PODFILE_DIR_PATH}/Podfile.lock",
				"${PODS_ROOT}/Manifest.lock",
			);
			name = "[CP] Check Pods Manifest.lock";
			outputFileListPaths = (
			);
			outputPaths = (
				"$(DERIVED_FILE_DIR)/Pods-MoviesWorld-checkManifestLockResult.txt",
			);
			runOnlyForDeploymentPostprocessing = 0;
			shellPath = /bin/sh;
			shellScript = "diff \"${PODS_PODFILE_DIR_PATH}/Podfile.lock\" \"${PODS_ROOT}/Manifest.lock\" > /dev/null\nif [ $? != 0 ] ; then\n    # print error to STDERR\n    echo \"error: The sandbox is not in sync with the Podfile.lock. Run 'pod install' or update your CocoaPods installation.\" >&2\n    exit 1\nfi\n# This output is used by Xcode 'outputs' to avoid re-running this script phase.\necho \"SUCCESS\" > \"${SCRIPT_OUTPUT_FILE_0}\"\n";
			showEnvVarsInLog = 0;
		};
		A81110A0209688F1AE9DD6D8 /* [CP] Embed Pods Frameworks */ = {
			isa = PBXShellScriptBuildPhase;
			buildActionMask = 2147483647;
			files = (
			);
			inputFileListPaths = (
				"${PODS_ROOT}/Target Support Files/Pods-MoviesWorld-MoviesWorldUITests/Pods-MoviesWorld-MoviesWorldUITests-frameworks-${CONFIGURATION}-input-files.xcfilelist",
			);
			name = "[CP] Embed Pods Frameworks";
			outputFileListPaths = (
				"${PODS_ROOT}/Target Support Files/Pods-MoviesWorld-MoviesWorldUITests/Pods-MoviesWorld-MoviesWorldUITests-frameworks-${CONFIGURATION}-output-files.xcfilelist",
			);
			runOnlyForDeploymentPostprocessing = 0;
			shellPath = /bin/sh;
			shellScript = "\"${PODS_ROOT}/Target Support Files/Pods-MoviesWorld-MoviesWorldUITests/Pods-MoviesWorld-MoviesWorldUITests-frameworks.sh\"\n";
			showEnvVarsInLog = 0;
		};
		E728DD6AB43540624217B125 /* [CP] Check Pods Manifest.lock */ = {
			isa = PBXShellScriptBuildPhase;
			buildActionMask = 2147483647;
			files = (
			);
			inputFileListPaths = (
			);
			inputPaths = (
				"${PODS_PODFILE_DIR_PATH}/Podfile.lock",
				"${PODS_ROOT}/Manifest.lock",
			);
			name = "[CP] Check Pods Manifest.lock";
			outputFileListPaths = (
			);
			outputPaths = (
				"$(DERIVED_FILE_DIR)/Pods-MoviesWorldTests-checkManifestLockResult.txt",
			);
			runOnlyForDeploymentPostprocessing = 0;
			shellPath = /bin/sh;
			shellScript = "diff \"${PODS_PODFILE_DIR_PATH}/Podfile.lock\" \"${PODS_ROOT}/Manifest.lock\" > /dev/null\nif [ $? != 0 ] ; then\n    # print error to STDERR\n    echo \"error: The sandbox is not in sync with the Podfile.lock. Run 'pod install' or update your CocoaPods installation.\" >&2\n    exit 1\nfi\n# This output is used by Xcode 'outputs' to avoid re-running this script phase.\necho \"SUCCESS\" > \"${SCRIPT_OUTPUT_FILE_0}\"\n";
			showEnvVarsInLog = 0;
		};
		EC6FFA0B2BB65C03005CE30B /* ShellScript */ = {
			isa = PBXShellScriptBuildPhase;
			buildActionMask = 2147483647;
			files = (
			);
			inputFileListPaths = (
			);
			inputPaths = (
				"${DWARF_DSYM_FOLDER_PATH}/${DWARF_DSYM_FILE_NAME}",
				"${DWARF_DSYM_FOLDER_PATH}/${DWARF_DSYM_FILE_NAME}/Contents/Resources/DWARF/${PRODUCT_NAME}",
				"${DWARF_DSYM_FOLDER_PATH}/${DWARF_DSYM_FILE_NAME}/Contents/Info.plist",
				"$(TARGET_BUILD_DIR)/$(UNLOCALIZED_RESOURCES_FOLDER_PATH)/GoogleService-Info.plist",
				"$(TARGET_BUILD_DIR)/$(EXECUTABLE_PATH)",
			);
			outputFileListPaths = (
			);
			outputPaths = (
			);
			runOnlyForDeploymentPostprocessing = 0;
			shellPath = /bin/sh;
			shellScript = "# Type a script or drag a script file from your workspace to insert its path.\n\"${PODS_ROOT}/FirebaseCrashlytics/run\"\n";
		};
		F44714DFEC0AFC5F07268A9E /* [CP] Check Pods Manifest.lock */ = {
			isa = PBXShellScriptBuildPhase;
			buildActionMask = 2147483647;
			files = (
			);
			inputFileListPaths = (
			);
			inputPaths = (
				"${PODS_PODFILE_DIR_PATH}/Podfile.lock",
				"${PODS_ROOT}/Manifest.lock",
			);
			name = "[CP] Check Pods Manifest.lock";
			outputFileListPaths = (
			);
			outputPaths = (
				"$(DERIVED_FILE_DIR)/Pods-MoviesWorld-MoviesWorldUITests-checkManifestLockResult.txt",
			);
			runOnlyForDeploymentPostprocessing = 0;
			shellPath = /bin/sh;
			shellScript = "diff \"${PODS_PODFILE_DIR_PATH}/Podfile.lock\" \"${PODS_ROOT}/Manifest.lock\" > /dev/null\nif [ $? != 0 ] ; then\n    # print error to STDERR\n    echo \"error: The sandbox is not in sync with the Podfile.lock. Run 'pod install' or update your CocoaPods installation.\" >&2\n    exit 1\nfi\n# This output is used by Xcode 'outputs' to avoid re-running this script phase.\necho \"SUCCESS\" > \"${SCRIPT_OUTPUT_FILE_0}\"\n";
			showEnvVarsInLog = 0;
		};
/* End PBXShellScriptBuildPhase section */

/* Begin PBXSourcesBuildPhase section */
		ECE419D52BAF0A250038BF2B /* Sources */ = {
			isa = PBXSourcesBuildPhase;
			buildActionMask = 2147483647;
			files = (
				ECE41A932BAF1DC50038BF2B /* FirebaseAnalyticsProvider.swift in Sources */,
				ECE41A902BAF1DC50038BF2B /* AnalyticsServiceContract.swift in Sources */,
				ECDE9C252BAF9D2C00C1A4EC /* RegisterUsecaseImp.swift in Sources */,
				ECDE9C272BAF9D2C00C1A4EC /* RegisterViewModelContract.swift in Sources */,
				EC6FF9EE2BB60F2F005CE30B /* DetailsViewModel.swift in Sources */,
				ECE41A852BAF1DC50038BF2B /* CoordinatorProtocol.swift in Sources */,
				ECE41AA82BAF1EB90038BF2B /* Utils.swift in Sources */,
				ECE41A8A2BAF1DC50038BF2B /* BaseViewController.swift in Sources */,
				ECDE9C062BAF9C4E00C1A4EC /* LoginViewModel.swift in Sources */,
				ECE41AA52BAF1EB90038BF2B /* Bundle+Extension.swift in Sources */,
				ECDE9C032BAF9C4D00C1A4EC /* LoginUseCaseImp.swift in Sources */,
				EC6FF9F02BB60F2F005CE30B /* DetailsViewController.swift in Sources */,
				EC71E1872BB0D292000C3AF4 /* MoviesRepositoryContract.swift in Sources */,
				ECE41A922BAF1DC50038BF2B /* MixPanelAnalyticsProvider.swift in Sources */,
				EC6FFA072BB6155D005CE30B /* MovieDetailsModel.swift in Sources */,
				EC71E18F2BB0D292000C3AF4 /* MoviesViewController.swift in Sources */,
				ECDE9BE52BAF7EE700C1A4EC /* Localize.swift in Sources */,
				ECE41A972BAF1DC50038BF2B /* AnalyticsEventContract.swift in Sources */,
				EC6FFA042BB61513005CE30B /* MovieDetailsRemoteDatasourceImp.swift in Sources */,
				EC71E1832BB0D292000C3AF4 /* MoviesRemoteDatasourceContract.swift in Sources */,
				ECE41A842BAF1DC50038BF2B /* AppCoordinator.swift in Sources */,
				EC71E1882BB0D292000C3AF4 /* MoviesUsecaseImp.swift in Sources */,
				ECDE9C242BAF9D2C00C1A4EC /* RegisterRepositoryContract.swift in Sources */,
				ECDE9C012BAF9C4D00C1A4EC /* LoginRepositoryImp.swift in Sources */,
				ECBD058E2BAFB68D0057995E /* UserModel.swift in Sources */,
				ECDE9BFF2BAF9C4D00C1A4EC /* LoginLocalDataSourceContract.swift in Sources */,
				EC6FF9FA2BB61370005CE30B /* MovieDetailsRepositoryContract.swift in Sources */,
				EC71E18A2BB0D292000C3AF4 /* MoviesViewModelContract.swift in Sources */,
				ECDE9BDA2BAF6F0500C1A4EC /* UIView+Extension.swift in Sources */,
				ECDE9C042BAF9C4E00C1A4EC /* LoginUseCaseContract.swift in Sources */,
				ECE41A822BAF1DC50038BF2B /* LocalUserDefault.swift in Sources */,
				EC71E1852BB0D292000C3AF4 /* MoviesModel.swift in Sources */,
				ECDE9BDC2BAF784300C1A4EC /* UIImage+Extension.swift in Sources */,
				ECDE9C002BAF9C4D00C1A4EC /* LoginRemoteDataSourceImp.swift in Sources */,
				ECDE9C052BAF9C4E00C1A4EC /* LoginViewModelContract.swift in Sources */,
				ECE41AA62BAF1EB90038BF2B /* NotificationCenter+Extension.swift in Sources */,
				ECDE9BE72BAF7F7700C1A4EC /* String+Extension.swift in Sources */,
				ECE41A892BAF1DC50038BF2B /* RemoteConfigService.swift in Sources */,
				ECE41A8C2BAF1DC50038BF2B /* TargetType.swift in Sources */,
				ECE41A8D2BAF1DC50038BF2B /* BaseAPI.swift in Sources */,
				ECDE9C072BAF9C4E00C1A4EC /* LoginScreenAnalyticEventImplementation.swift in Sources */,
				EC6FF9DE2BB4EF37005CE30B /* BaseCellViewModelProtocol.swift in Sources */,
				ECE41A8E2BAF1DC50038BF2B /* ApplicationNetworking.swift in Sources */,
				EC6FF9F82BB61310005CE30B /* MovieDetailsUsecaseImp.swift in Sources */,
				EC6FF9F62BB612AA005CE30B /* MovieDetailsUsecaseContract.swift in Sources */,
				ECDE9C212BAF9D2C00C1A4EC /* RegisterRemoteDatasourceImp.swift in Sources */,
				ECE41A882BAF1DC50038BF2B /* RemoteConfigKeys.swift in Sources */,
				ECE41A8F2BAF1DC50038BF2B /* AnalyticsService.swift in Sources */,
				EC6FF9FE2BB61412005CE30B /* MovieDetailsRepositoryImp.swift in Sources */,
				ECDE9BDE2BAF7B6300C1A4EC /* UITextField+Extension.swift in Sources */,
				EC6FF9E02BB4EF71005CE30B /* CellViewProtocol.swift in Sources */,
				ECE41A442BAF1DA40038BF2B /* SplashViewModelContract.swift in Sources */,
				EC6FF9E22BB4EFE4005CE30B /* MovieTableViewCellModel.swift in Sources */,
				EC71E18D2BB0D292000C3AF4 /* MovieTableViewCell.swift in Sources */,
				ECE41AA32BAF1EB90038BF2B /* Enums.swift in Sources */,
				ECDE9C262BAF9D2C00C1A4EC /* RegisterUsecaseContract.swift in Sources */,
				ECE41A862BAF1DC50038BF2B /* BaseViewModelContract.swift in Sources */,
				ECDE9C232BAF9D2C00C1A4EC /* RegisterRepositoryImp.swift in Sources */,
				ECE41AA72BAF1EB90038BF2B /* ViewController+Extension.swift in Sources */,
				EC71E1862BB0D292000C3AF4 /* MoviesUsecasContract.swift in Sources */,
				EC71E1822BB0D292000C3AF4 /* MoviesRemoteDatasource.swift in Sources */,
				EC6FF9ED2BB60F2F005CE30B /* DetailsViewModelContract.swift in Sources */,
				ECDE9C082BAF9C4E00C1A4EC /* LoginViewController.swift in Sources */,
				EC6FFA0A2BB639FC005CE30B /* WebViewController.swift in Sources */,
				ECE41AA22BAF1EB90038BF2B /* Constants.swift in Sources */,
				EC71E1842BB0D292000C3AF4 /* MoviesRepositoryImp.swift in Sources */,
				ECE41A962BAF1DC50038BF2B /* AnalyticsProviderContract.swift in Sources */,
				EC6FFA022BB614E1005CE30B /* MovieDetailsRemoteDatasourceContract.swift in Sources */,
				ECDE9C282BAF9D2C00C1A4EC /* RegisterViewModel.swift in Sources */,
				ECE419DD2BAF0A250038BF2B /* AppDelegate.swift in Sources */,
				ECDE9C022BAF9C4D00C1A4EC /* LoginRepositoryContract.swift in Sources */,
				ECE41A872BAF1DC50038BF2B /* PaginationContract.swift in Sources */,
				EC71E1892BB0D292000C3AF4 /* MoviesViewModel.swift in Sources */,
				ECDE9C222BAF9D2C00C1A4EC /* RegisterLocalDatasourceContract.swift in Sources */,
				ECDE9C292BAF9D2C00C1A4EC /* RegisterScreenAnalyticEventImplementation.swift in Sources */,
				ECE41A8B2BAF1DC50038BF2B /* Injector.swift in Sources */,
				EC71E18C2BB0D292000C3AF4 /* MoviesSreenAnalyticEventImplementation.swift in Sources */,
				ECDE9C2B2BAF9D2C00C1A4EC /* RegisterViewController.swift in Sources */,
				ECE41A452BAF1DA40038BF2B /* SplashScreenViewController.swift in Sources */,
				ECE41A432BAF1DA40038BF2B /* SplashScreenViewModel.swift in Sources */,
			);
			runOnlyForDeploymentPostprocessing = 0;
		};
		ECE419EB2BAF0A270038BF2B /* Sources */ = {
			isa = PBXSourcesBuildPhase;
			buildActionMask = 2147483647;
			files = (
				ECE419F42BAF0A270038BF2B /* MoviesWorldTests.swift in Sources */,
			);
			runOnlyForDeploymentPostprocessing = 0;
		};
		ECE419F52BAF0A270038BF2B /* Sources */ = {
			isa = PBXSourcesBuildPhase;
			buildActionMask = 2147483647;
			files = (
				ECE41A002BAF0A270038BF2B /* MoviesWorldUITestsLaunchTests.swift in Sources */,
				ECE419FE2BAF0A270038BF2B /* MoviesWorldUITests.swift in Sources */,
			);
			runOnlyForDeploymentPostprocessing = 0;
		};
/* End PBXSourcesBuildPhase section */

/* Begin PBXTargetDependency section */
		ECE419F12BAF0A270038BF2B /* PBXTargetDependency */ = {
			isa = PBXTargetDependency;
			target = ECE419D82BAF0A250038BF2B /* MoviesWorld */;
			targetProxy = ECE419F02BAF0A270038BF2B /* PBXContainerItemProxy */;
		};
		ECE419FB2BAF0A270038BF2B /* PBXTargetDependency */ = {
			isa = PBXTargetDependency;
			target = ECE419D82BAF0A250038BF2B /* MoviesWorld */;
			targetProxy = ECE419FA2BAF0A270038BF2B /* PBXContainerItemProxy */;
		};
/* End PBXTargetDependency section */

/* Begin PBXVariantGroup section */
		ECDE9BE02BAF7EE700C1A4EC /* Localizable.strings */ = {
			isa = PBXVariantGroup;
			children = (
				ECDE9BE12BAF7EE700C1A4EC /* ar */,
				ECDE9BE22BAF7EE700C1A4EC /* en */,
			);
			name = Localizable.strings;
			sourceTree = "<group>";
		};
		ECE419E72BAF0A260038BF2B /* LaunchScreen.storyboard */ = {
			isa = PBXVariantGroup;
			children = (
				ECE419E82BAF0A260038BF2B /* Base */,
			);
			name = LaunchScreen.storyboard;
			sourceTree = "<group>";
		};
/* End PBXVariantGroup section */

/* Begin XCBuildConfiguration section */
		ECE41A012BAF0A270038BF2B /* Debug */ = {
			isa = XCBuildConfiguration;
			buildSettings = {
				ALWAYS_SEARCH_USER_PATHS = NO;
				CLANG_ANALYZER_NONNULL = YES;
				CLANG_ANALYZER_NUMBER_OBJECT_CONVERSION = YES_AGGRESSIVE;
				CLANG_CXX_LANGUAGE_STANDARD = "gnu++20";
				CLANG_ENABLE_MODULES = YES;
				CLANG_ENABLE_OBJC_ARC = YES;
				CLANG_ENABLE_OBJC_WEAK = YES;
				CLANG_WARN_BLOCK_CAPTURE_AUTORELEASING = YES;
				CLANG_WARN_BOOL_CONVERSION = YES;
				CLANG_WARN_COMMA = YES;
				CLANG_WARN_CONSTANT_CONVERSION = YES;
				CLANG_WARN_DEPRECATED_OBJC_IMPLEMENTATIONS = YES;
				CLANG_WARN_DIRECT_OBJC_ISA_USAGE = YES_ERROR;
				CLANG_WARN_DOCUMENTATION_COMMENTS = YES;
				CLANG_WARN_EMPTY_BODY = YES;
				CLANG_WARN_ENUM_CONVERSION = YES;
				CLANG_WARN_INFINITE_RECURSION = YES;
				CLANG_WARN_INT_CONVERSION = YES;
				CLANG_WARN_NON_LITERAL_NULL_CONVERSION = YES;
				CLANG_WARN_OBJC_IMPLICIT_RETAIN_SELF = YES;
				CLANG_WARN_OBJC_LITERAL_CONVERSION = YES;
				CLANG_WARN_OBJC_ROOT_CLASS = YES_ERROR;
				CLANG_WARN_QUOTED_INCLUDE_IN_FRAMEWORK_HEADER = YES;
				CLANG_WARN_RANGE_LOOP_ANALYSIS = YES;
				CLANG_WARN_STRICT_PROTOTYPES = YES;
				CLANG_WARN_SUSPICIOUS_MOVE = YES;
				CLANG_WARN_UNGUARDED_AVAILABILITY = YES_AGGRESSIVE;
				CLANG_WARN_UNREACHABLE_CODE = YES;
				CLANG_WARN__DUPLICATE_METHOD_MATCH = YES;
				COPY_PHASE_STRIP = NO;
				DEBUG_INFORMATION_FORMAT = dwarf;
				ENABLE_STRICT_OBJC_MSGSEND = YES;
				ENABLE_TESTABILITY = YES;
				GCC_C_LANGUAGE_STANDARD = gnu11;
				GCC_DYNAMIC_NO_PIC = NO;
				GCC_NO_COMMON_BLOCKS = YES;
				GCC_OPTIMIZATION_LEVEL = 0;
				GCC_PREPROCESSOR_DEFINITIONS = (
					"DEBUG=1",
					"$(inherited)",
				);
				GCC_WARN_64_TO_32_BIT_CONVERSION = YES;
				GCC_WARN_ABOUT_RETURN_TYPE = YES_ERROR;
				GCC_WARN_UNDECLARED_SELECTOR = YES;
				GCC_WARN_UNINITIALIZED_AUTOS = YES_AGGRESSIVE;
				GCC_WARN_UNUSED_FUNCTION = YES;
				GCC_WARN_UNUSED_VARIABLE = YES;
				IPHONEOS_DEPLOYMENT_TARGET = 16.2;
				MTL_ENABLE_DEBUG_INFO = INCLUDE_SOURCE;
				MTL_FAST_MATH = YES;
				ONLY_ACTIVE_ARCH = YES;
				SDKROOT = iphoneos;
				SWIFT_ACTIVE_COMPILATION_CONDITIONS = DEBUG;
				SWIFT_OPTIMIZATION_LEVEL = "-Onone";
			};
			name = Debug;
		};
		ECE41A022BAF0A270038BF2B /* Release */ = {
			isa = XCBuildConfiguration;
			buildSettings = {
				ALWAYS_SEARCH_USER_PATHS = NO;
				CLANG_ANALYZER_NONNULL = YES;
				CLANG_ANALYZER_NUMBER_OBJECT_CONVERSION = YES_AGGRESSIVE;
				CLANG_CXX_LANGUAGE_STANDARD = "gnu++20";
				CLANG_ENABLE_MODULES = YES;
				CLANG_ENABLE_OBJC_ARC = YES;
				CLANG_ENABLE_OBJC_WEAK = YES;
				CLANG_WARN_BLOCK_CAPTURE_AUTORELEASING = YES;
				CLANG_WARN_BOOL_CONVERSION = YES;
				CLANG_WARN_COMMA = YES;
				CLANG_WARN_CONSTANT_CONVERSION = YES;
				CLANG_WARN_DEPRECATED_OBJC_IMPLEMENTATIONS = YES;
				CLANG_WARN_DIRECT_OBJC_ISA_USAGE = YES_ERROR;
				CLANG_WARN_DOCUMENTATION_COMMENTS = YES;
				CLANG_WARN_EMPTY_BODY = YES;
				CLANG_WARN_ENUM_CONVERSION = YES;
				CLANG_WARN_INFINITE_RECURSION = YES;
				CLANG_WARN_INT_CONVERSION = YES;
				CLANG_WARN_NON_LITERAL_NULL_CONVERSION = YES;
				CLANG_WARN_OBJC_IMPLICIT_RETAIN_SELF = YES;
				CLANG_WARN_OBJC_LITERAL_CONVERSION = YES;
				CLANG_WARN_OBJC_ROOT_CLASS = YES_ERROR;
				CLANG_WARN_QUOTED_INCLUDE_IN_FRAMEWORK_HEADER = YES;
				CLANG_WARN_RANGE_LOOP_ANALYSIS = YES;
				CLANG_WARN_STRICT_PROTOTYPES = YES;
				CLANG_WARN_SUSPICIOUS_MOVE = YES;
				CLANG_WARN_UNGUARDED_AVAILABILITY = YES_AGGRESSIVE;
				CLANG_WARN_UNREACHABLE_CODE = YES;
				CLANG_WARN__DUPLICATE_METHOD_MATCH = YES;
				COPY_PHASE_STRIP = NO;
				DEBUG_INFORMATION_FORMAT = "dwarf-with-dsym";
				ENABLE_NS_ASSERTIONS = NO;
				ENABLE_STRICT_OBJC_MSGSEND = YES;
				GCC_C_LANGUAGE_STANDARD = gnu11;
				GCC_NO_COMMON_BLOCKS = YES;
				GCC_WARN_64_TO_32_BIT_CONVERSION = YES;
				GCC_WARN_ABOUT_RETURN_TYPE = YES_ERROR;
				GCC_WARN_UNDECLARED_SELECTOR = YES;
				GCC_WARN_UNINITIALIZED_AUTOS = YES_AGGRESSIVE;
				GCC_WARN_UNUSED_FUNCTION = YES;
				GCC_WARN_UNUSED_VARIABLE = YES;
				IPHONEOS_DEPLOYMENT_TARGET = 16.2;
				MTL_ENABLE_DEBUG_INFO = NO;
				MTL_FAST_MATH = YES;
				SDKROOT = iphoneos;
				SWIFT_COMPILATION_MODE = wholemodule;
				SWIFT_OPTIMIZATION_LEVEL = "-O";
				VALIDATE_PRODUCT = YES;
			};
			name = Release;
		};
		ECE41A042BAF0A270038BF2B /* Debug */ = {
			isa = XCBuildConfiguration;
			baseConfigurationReference = 8C42F9B635DF124648BDE828 /* Pods-MoviesWorld.debug.xcconfig */;
			buildSettings = {
				ASSETCATALOG_COMPILER_APPICON_NAME = AppIcon;
				ASSETCATALOG_COMPILER_GLOBAL_ACCENT_COLOR_NAME = AccentColor;
				CODE_SIGN_STYLE = Automatic;
				CURRENT_PROJECT_VERSION = 1;
				DEBUG_INFORMATION_FORMAT = "dwarf-with-dsym";
				GENERATE_INFOPLIST_FILE = YES;
				INFOPLIST_FILE = MoviesWorld/ApplicationSupport/Info.plist;
				INFOPLIST_KEY_UIApplicationSupportsIndirectInputEvents = YES;
				INFOPLIST_KEY_UILaunchStoryboardName = "";
				INFOPLIST_KEY_UIMainStoryboardFile = "";
				INFOPLIST_KEY_UISupportedInterfaceOrientations_iPad = "UIInterfaceOrientationPortrait UIInterfaceOrientationPortraitUpsideDown UIInterfaceOrientationLandscapeLeft UIInterfaceOrientationLandscapeRight";
				INFOPLIST_KEY_UISupportedInterfaceOrientations_iPhone = "UIInterfaceOrientationPortrait UIInterfaceOrientationLandscapeLeft UIInterfaceOrientationLandscapeRight";
				LD_RUNPATH_SEARCH_PATHS = (
					"$(inherited)",
					"@executable_path/Frameworks",
				);
				MARKETING_VERSION = 1.0;
				PRODUCT_BUNDLE_IDENTIFIER = com.amro.MoviesWorld;
				PRODUCT_NAME = "$(TARGET_NAME)";
				SWIFT_EMIT_LOC_STRINGS = YES;
				SWIFT_VERSION = 5.0;
				TARGETED_DEVICE_FAMILY = "1,2";
				TMDBKey = "Bearer eyJhbGciOiJIUzI1NiJ9.eyJhdWQiOiIyN2Q1YjdlNGI4MDQ5NGVkOWZmMTg1NWVhZWMxZTQ1YSIsInN1YiI6IjVlOWY0YWZmMDE3NTdmMDAxZWQwNjdlZSIsInNjb3BlcyI6WyJhcGlfcmVhZCJdLCJ2ZXJzaW9uIjoxfQ.EgUrPqvAPW3Dsl6ry7CWm-dczXSap40TRzjlwxWbCCo";
				mixPanelKey = 22543cd33eb62203990df853db231366;
			};
			name = Debug;
		};
		ECE41A052BAF0A270038BF2B /* Release */ = {
			isa = XCBuildConfiguration;
			baseConfigurationReference = 46796AC122A38C7C8334A7A0 /* Pods-MoviesWorld.release.xcconfig */;
			buildSettings = {
				ASSETCATALOG_COMPILER_APPICON_NAME = AppIcon;
				ASSETCATALOG_COMPILER_GLOBAL_ACCENT_COLOR_NAME = AccentColor;
				CODE_SIGN_STYLE = Automatic;
				CURRENT_PROJECT_VERSION = 1;
				GENERATE_INFOPLIST_FILE = YES;
				INFOPLIST_FILE = MoviesWorld/ApplicationSupport/Info.plist;
				INFOPLIST_KEY_UIApplicationSupportsIndirectInputEvents = YES;
				INFOPLIST_KEY_UILaunchStoryboardName = "";
				INFOPLIST_KEY_UIMainStoryboardFile = "";
				INFOPLIST_KEY_UISupportedInterfaceOrientations_iPad = "UIInterfaceOrientationPortrait UIInterfaceOrientationPortraitUpsideDown UIInterfaceOrientationLandscapeLeft UIInterfaceOrientationLandscapeRight";
				INFOPLIST_KEY_UISupportedInterfaceOrientations_iPhone = "UIInterfaceOrientationPortrait UIInterfaceOrientationLandscapeLeft UIInterfaceOrientationLandscapeRight";
				LD_RUNPATH_SEARCH_PATHS = (
					"$(inherited)",
					"@executable_path/Frameworks",
				);
				MARKETING_VERSION = 1.0;
				PRODUCT_BUNDLE_IDENTIFIER = com.amro.MoviesWorld;
				PRODUCT_NAME = "$(TARGET_NAME)";
				SWIFT_EMIT_LOC_STRINGS = YES;
				SWIFT_VERSION = 5.0;
				TARGETED_DEVICE_FAMILY = "1,2";
				TMDBKey = "Bearer eyJhbGciOiJIUzI1NiJ9.eyJhdWQiOiIyN2Q1YjdlNGI4MDQ5NGVkOWZmMTg1NWVhZWMxZTQ1YSIsInN1YiI6IjVlOWY0YWZmMDE3NTdmMDAxZWQwNjdlZSIsInNjb3BlcyI6WyJhcGlfcmVhZCJdLCJ2ZXJzaW9uIjoxfQ.EgUrPqvAPW3Dsl6ry7CWm-dczXSap40TRzjlwxWbCCo";
				mixPanelKey = 22543cd33eb62203990df853db231366;
			};
			name = Release;
		};
		ECE41A072BAF0A270038BF2B /* Debug */ = {
			isa = XCBuildConfiguration;
			baseConfigurationReference = F4AB91AFAF0BD6DC29F53EB9 /* Pods-MoviesWorldTests.debug.xcconfig */;
			buildSettings = {
				ALWAYS_EMBED_SWIFT_STANDARD_LIBRARIES = YES;
				BUNDLE_LOADER = "$(TEST_HOST)";
				CODE_SIGN_STYLE = Automatic;
				CURRENT_PROJECT_VERSION = 1;
				GENERATE_INFOPLIST_FILE = YES;
				IPHONEOS_DEPLOYMENT_TARGET = 16.2;
				MARKETING_VERSION = 1.0;
				PRODUCT_BUNDLE_IDENTIFIER = com.amro.MoviesWorldTests;
				PRODUCT_NAME = "$(TARGET_NAME)";
				SWIFT_EMIT_LOC_STRINGS = NO;
				SWIFT_VERSION = 5.0;
				TARGETED_DEVICE_FAMILY = "1,2";
				TEST_HOST = "$(BUILT_PRODUCTS_DIR)/MoviesWorld.app/$(BUNDLE_EXECUTABLE_FOLDER_PATH)/MoviesWorld";
			};
			name = Debug;
		};
		ECE41A082BAF0A270038BF2B /* Release */ = {
			isa = XCBuildConfiguration;
			baseConfigurationReference = 2380BB835E6EE50D46B2F826 /* Pods-MoviesWorldTests.release.xcconfig */;
			buildSettings = {
				ALWAYS_EMBED_SWIFT_STANDARD_LIBRARIES = YES;
				BUNDLE_LOADER = "$(TEST_HOST)";
				CODE_SIGN_STYLE = Automatic;
				CURRENT_PROJECT_VERSION = 1;
				GENERATE_INFOPLIST_FILE = YES;
				IPHONEOS_DEPLOYMENT_TARGET = 16.2;
				MARKETING_VERSION = 1.0;
				PRODUCT_BUNDLE_IDENTIFIER = com.amro.MoviesWorldTests;
				PRODUCT_NAME = "$(TARGET_NAME)";
				SWIFT_EMIT_LOC_STRINGS = NO;
				SWIFT_VERSION = 5.0;
				TARGETED_DEVICE_FAMILY = "1,2";
				TEST_HOST = "$(BUILT_PRODUCTS_DIR)/MoviesWorld.app/$(BUNDLE_EXECUTABLE_FOLDER_PATH)/MoviesWorld";
			};
			name = Release;
		};
		ECE41A0A2BAF0A270038BF2B /* Debug */ = {
			isa = XCBuildConfiguration;
			baseConfigurationReference = 7081612F5F4BBA0587AC4B84 /* Pods-MoviesWorld-MoviesWorldUITests.debug.xcconfig */;
			buildSettings = {
				ALWAYS_EMBED_SWIFT_STANDARD_LIBRARIES = YES;
				CODE_SIGN_STYLE = Automatic;
				CURRENT_PROJECT_VERSION = 1;
				GENERATE_INFOPLIST_FILE = YES;
				MARKETING_VERSION = 1.0;
				PRODUCT_BUNDLE_IDENTIFIER = com.amro.MoviesWorldUITests;
				PRODUCT_NAME = "$(TARGET_NAME)";
				SWIFT_EMIT_LOC_STRINGS = NO;
				SWIFT_VERSION = 5.0;
				TARGETED_DEVICE_FAMILY = "1,2";
				TEST_TARGET_NAME = MoviesWorld;
			};
			name = Debug;
		};
		ECE41A0B2BAF0A270038BF2B /* Release */ = {
			isa = XCBuildConfiguration;
			baseConfigurationReference = AA64736387DF48E0A9226A05 /* Pods-MoviesWorld-MoviesWorldUITests.release.xcconfig */;
			buildSettings = {
				ALWAYS_EMBED_SWIFT_STANDARD_LIBRARIES = YES;
				CODE_SIGN_STYLE = Automatic;
				CURRENT_PROJECT_VERSION = 1;
				GENERATE_INFOPLIST_FILE = YES;
				MARKETING_VERSION = 1.0;
				PRODUCT_BUNDLE_IDENTIFIER = com.amro.MoviesWorldUITests;
				PRODUCT_NAME = "$(TARGET_NAME)";
				SWIFT_EMIT_LOC_STRINGS = NO;
				SWIFT_VERSION = 5.0;
				TARGETED_DEVICE_FAMILY = "1,2";
				TEST_TARGET_NAME = MoviesWorld;
			};
			name = Release;
		};
/* End XCBuildConfiguration section */

/* Begin XCConfigurationList section */
		ECE419D42BAF0A250038BF2B /* Build configuration list for PBXProject "MoviesWorld" */ = {
			isa = XCConfigurationList;
			buildConfigurations = (
				ECE41A012BAF0A270038BF2B /* Debug */,
				ECE41A022BAF0A270038BF2B /* Release */,
			);
			defaultConfigurationIsVisible = 0;
			defaultConfigurationName = Release;
		};
		ECE41A032BAF0A270038BF2B /* Build configuration list for PBXNativeTarget "MoviesWorld" */ = {
			isa = XCConfigurationList;
			buildConfigurations = (
				ECE41A042BAF0A270038BF2B /* Debug */,
				ECE41A052BAF0A270038BF2B /* Release */,
			);
			defaultConfigurationIsVisible = 0;
			defaultConfigurationName = Release;
		};
		ECE41A062BAF0A270038BF2B /* Build configuration list for PBXNativeTarget "MoviesWorldTests" */ = {
			isa = XCConfigurationList;
			buildConfigurations = (
				ECE41A072BAF0A270038BF2B /* Debug */,
				ECE41A082BAF0A270038BF2B /* Release */,
			);
			defaultConfigurationIsVisible = 0;
			defaultConfigurationName = Release;
		};
		ECE41A092BAF0A270038BF2B /* Build configuration list for PBXNativeTarget "MoviesWorldUITests" */ = {
			isa = XCConfigurationList;
			buildConfigurations = (
				ECE41A0A2BAF0A270038BF2B /* Debug */,
				ECE41A0B2BAF0A270038BF2B /* Release */,
			);
			defaultConfigurationIsVisible = 0;
			defaultConfigurationName = Release;
		};
/* End XCConfigurationList section */
	};
	rootObject = ECE419D12BAF0A250038BF2B /* Project object */;
}
