// !$*UTF8*$!
{
	archiveVersion = 1;
	classes = {
	};
	objectVersion = 56;
	objects = {

/* Begin PBXBuildFile section */
		86BA85ED477A4B1BE707A805 /* Pods_MoviesWorld_MoviesWorldUITests.framework in Frameworks */ = {isa = PBXBuildFile; fileRef = BC912AFDC17D848F3693A582 /* Pods_MoviesWorld_MoviesWorldUITests.framework */; };
		872B7D85BA57BEC9B93A9CB2 /* Pods_MoviesWorld.framework in Frameworks */ = {isa = PBXBuildFile; fileRef = 92DE3AE14693CE2E99A912D6 /* Pods_MoviesWorld.framework */; };
		952DDDA4E32846A470F5CEC2 /* Pods_MoviesWorldTests.framework in Frameworks */ = {isa = PBXBuildFile; fileRef = 22D463B6B9D01AA924F4F91A /* Pods_MoviesWorldTests.framework */; };
		ECDE9BDA2BAF6F0500C1A4EC /* UIView+Extension.swift in Sources */ = {isa = PBXBuildFile; fileRef = ECDE9BD92BAF6F0500C1A4EC /* UIView+Extension.swift */; };
		ECDE9BDC2BAF784300C1A4EC /* UIImage+Extension.swift in Sources */ = {isa = PBXBuildFile; fileRef = ECDE9BDB2BAF784300C1A4EC /* UIImage+Extension.swift */; };
		ECDE9BDE2BAF7B6300C1A4EC /* UITextField+Extension.swift in Sources */ = {isa = PBXBuildFile; fileRef = ECDE9BDD2BAF7B6300C1A4EC /* UITextField+Extension.swift */; };
		ECDE9BE42BAF7EE700C1A4EC /* Localizable.strings in Resources */ = {isa = PBXBuildFile; fileRef = ECDE9BE02BAF7EE700C1A4EC /* Localizable.strings */; };
		ECDE9BE52BAF7EE700C1A4EC /* Localize.swift in Sources */ = {isa = PBXBuildFile; fileRef = ECDE9BE32BAF7EE700C1A4EC /* Localize.swift */; };
		ECDE9BE72BAF7F7700C1A4EC /* String+Extension.swift in Sources */ = {isa = PBXBuildFile; fileRef = ECDE9BE62BAF7F7700C1A4EC /* String+Extension.swift */; };
		ECE419DD2BAF0A250038BF2B /* AppDelegate.swift in Sources */ = {isa = PBXBuildFile; fileRef = ECE419DC2BAF0A250038BF2B /* AppDelegate.swift */; };
		ECE419E62BAF0A260038BF2B /* Assets.xcassets in Resources */ = {isa = PBXBuildFile; fileRef = ECE419E52BAF0A260038BF2B /* Assets.xcassets */; };
		ECE419E92BAF0A260038BF2B /* LaunchScreen.storyboard in Resources */ = {isa = PBXBuildFile; fileRef = ECE419E72BAF0A260038BF2B /* LaunchScreen.storyboard */; };
		ECE419F42BAF0A270038BF2B /* MoviesWorldTests.swift in Sources */ = {isa = PBXBuildFile; fileRef = ECE419F32BAF0A270038BF2B /* MoviesWorldTests.swift */; };
		ECE419FE2BAF0A270038BF2B /* MoviesWorldUITests.swift in Sources */ = {isa = PBXBuildFile; fileRef = ECE419FD2BAF0A270038BF2B /* MoviesWorldUITests.swift */; };
		ECE41A002BAF0A270038BF2B /* MoviesWorldUITestsLaunchTests.swift in Sources */ = {isa = PBXBuildFile; fileRef = ECE419FF2BAF0A270038BF2B /* MoviesWorldUITestsLaunchTests.swift */; };
		ECE41A432BAF1DA40038BF2B /* SplashScreenViewModel.swift in Sources */ = {isa = PBXBuildFile; fileRef = ECE41A102BAF1DA40038BF2B /* SplashScreenViewModel.swift */; };
		ECE41A442BAF1DA40038BF2B /* SplashViewModelContract.swift in Sources */ = {isa = PBXBuildFile; fileRef = ECE41A112BAF1DA40038BF2B /* SplashViewModelContract.swift */; };
		ECE41A452BAF1DA40038BF2B /* SplashScreenViewController.swift in Sources */ = {isa = PBXBuildFile; fileRef = ECE41A132BAF1DA40038BF2B /* SplashScreenViewController.swift */; };
		ECE41A462BAF1DA40038BF2B /* SplashScreenViewController.storyboard in Resources */ = {isa = PBXBuildFile; fileRef = ECE41A142BAF1DA40038BF2B /* SplashScreenViewController.storyboard */; };
		ECE41A822BAF1DC50038BF2B /* LocalUserDefault.swift in Sources */ = {isa = PBXBuildFile; fileRef = ECE41A612BAF1DC50038BF2B /* LocalUserDefault.swift */; };
		ECE41A842BAF1DC50038BF2B /* AppCoordinator.swift in Sources */ = {isa = PBXBuildFile; fileRef = ECE41A642BAF1DC50038BF2B /* AppCoordinator.swift */; };
		ECE41A852BAF1DC50038BF2B /* CoordinatorProtocol.swift in Sources */ = {isa = PBXBuildFile; fileRef = ECE41A652BAF1DC50038BF2B /* CoordinatorProtocol.swift */; };
		ECE41A862BAF1DC50038BF2B /* BaseViewModelContract.swift in Sources */ = {isa = PBXBuildFile; fileRef = ECE41A672BAF1DC50038BF2B /* BaseViewModelContract.swift */; };
		ECE41A872BAF1DC50038BF2B /* PaginationContract.swift in Sources */ = {isa = PBXBuildFile; fileRef = ECE41A682BAF1DC50038BF2B /* PaginationContract.swift */; };
		ECE41A882BAF1DC50038BF2B /* RemoteConfigKeys.swift in Sources */ = {isa = PBXBuildFile; fileRef = ECE41A6A2BAF1DC50038BF2B /* RemoteConfigKeys.swift */; };
		ECE41A892BAF1DC50038BF2B /* RemoteConfigService.swift in Sources */ = {isa = PBXBuildFile; fileRef = ECE41A6B2BAF1DC50038BF2B /* RemoteConfigService.swift */; };
		ECE41A8A2BAF1DC50038BF2B /* BaseViewController.swift in Sources */ = {isa = PBXBuildFile; fileRef = ECE41A6D2BAF1DC50038BF2B /* BaseViewController.swift */; };
		ECE41A8B2BAF1DC50038BF2B /* Injector.swift in Sources */ = {isa = PBXBuildFile; fileRef = ECE41A6E2BAF1DC50038BF2B /* Injector.swift */; };
		ECE41A8C2BAF1DC50038BF2B /* TargetType.swift in Sources */ = {isa = PBXBuildFile; fileRef = ECE41A702BAF1DC50038BF2B /* TargetType.swift */; };
		ECE41A8D2BAF1DC50038BF2B /* BaseAPI.swift in Sources */ = {isa = PBXBuildFile; fileRef = ECE41A712BAF1DC50038BF2B /* BaseAPI.swift */; };
		ECE41A8E2BAF1DC50038BF2B /* ApplicationNetworking.swift in Sources */ = {isa = PBXBuildFile; fileRef = ECE41A722BAF1DC50038BF2B /* ApplicationNetworking.swift */; };
		ECE41A8F2BAF1DC50038BF2B /* AnalyticsService.swift in Sources */ = {isa = PBXBuildFile; fileRef = ECE41A752BAF1DC50038BF2B /* AnalyticsService.swift */; };
		ECE41A902BAF1DC50038BF2B /* AnalyticsServiceContract.swift in Sources */ = {isa = PBXBuildFile; fileRef = ECE41A762BAF1DC50038BF2B /* AnalyticsServiceContract.swift */; };
		ECE41A922BAF1DC50038BF2B /* MixPanelAnalyticsProvider.swift in Sources */ = {isa = PBXBuildFile; fileRef = ECE41A792BAF1DC50038BF2B /* MixPanelAnalyticsProvider.swift */; };
		ECE41A932BAF1DC50038BF2B /* FirebaseAnalyticsProvider.swift in Sources */ = {isa = PBXBuildFile; fileRef = ECE41A7B2BAF1DC50038BF2B /* FirebaseAnalyticsProvider.swift */; };
		ECE41A942BAF1DC50038BF2B /* GoogleService-Info.plist in Resources */ = {isa = PBXBuildFile; fileRef = ECE41A7C2BAF1DC50038BF2B /* GoogleService-Info.plist */; };
		ECE41A962BAF1DC50038BF2B /* AnalyticsProviderContract.swift in Sources */ = {isa = PBXBuildFile; fileRef = ECE41A7F2BAF1DC50038BF2B /* AnalyticsProviderContract.swift */; };
		ECE41A972BAF1DC50038BF2B /* AnalyticsEventContract.swift in Sources */ = {isa = PBXBuildFile; fileRef = ECE41A802BAF1DC50038BF2B /* AnalyticsEventContract.swift */; };
		ECE41AA22BAF1EB90038BF2B /* Constants.swift in Sources */ = {isa = PBXBuildFile; fileRef = ECE41A992BAF1EB90038BF2B /* Constants.swift */; };
		ECE41AA32BAF1EB90038BF2B /* Enums.swift in Sources */ = {isa = PBXBuildFile; fileRef = ECE41A9A2BAF1EB90038BF2B /* Enums.swift */; };
		ECE41AA52BAF1EB90038BF2B /* Bundle+Extension.swift in Sources */ = {isa = PBXBuildFile; fileRef = ECE41A9E2BAF1EB90038BF2B /* Bundle+Extension.swift */; };
		ECE41AA62BAF1EB90038BF2B /* NotificationCenter+Extension.swift in Sources */ = {isa = PBXBuildFile; fileRef = ECE41A9F2BAF1EB90038BF2B /* NotificationCenter+Extension.swift */; };
		ECE41AA72BAF1EB90038BF2B /* ViewController+Extension.swift in Sources */ = {isa = PBXBuildFile; fileRef = ECE41AA02BAF1EB90038BF2B /* ViewController+Extension.swift */; };
		ECE41AA82BAF1EB90038BF2B /* Utils.swift in Sources */ = {isa = PBXBuildFile; fileRef = ECE41AA12BAF1EB90038BF2B /* Utils.swift */; };
/* End PBXBuildFile section */

/* Begin PBXContainerItemProxy section */
		ECE419F02BAF0A270038BF2B /* PBXContainerItemProxy */ = {
			isa = PBXContainerItemProxy;
			containerPortal = ECE419D12BAF0A250038BF2B /* Project object */;
			proxyType = 1;
			remoteGlobalIDString = ECE419D82BAF0A250038BF2B;
			remoteInfo = MoviesWorld;
		};
		ECE419FA2BAF0A270038BF2B /* PBXContainerItemProxy */ = {
			isa = PBXContainerItemProxy;
			containerPortal = ECE419D12BAF0A250038BF2B /* Project object */;
			proxyType = 1;
			remoteGlobalIDString = ECE419D82BAF0A250038BF2B;
			remoteInfo = MoviesWorld;
		};
/* End PBXContainerItemProxy section */

/* Begin PBXFileReference section */
		22D463B6B9D01AA924F4F91A /* Pods_MoviesWorldTests.framework */ = {isa = PBXFileReference; explicitFileType = wrapper.framework; includeInIndex = 0; path = Pods_MoviesWorldTests.framework; sourceTree = BUILT_PRODUCTS_DIR; };
		2380BB835E6EE50D46B2F826 /* Pods-MoviesWorldTests.release.xcconfig */ = {isa = PBXFileReference; includeInIndex = 1; lastKnownFileType = text.xcconfig; name = "Pods-MoviesWorldTests.release.xcconfig"; path = "Target Support Files/Pods-MoviesWorldTests/Pods-MoviesWorldTests.release.xcconfig"; sourceTree = "<group>"; };
		46796AC122A38C7C8334A7A0 /* Pods-MoviesWorld.release.xcconfig */ = {isa = PBXFileReference; includeInIndex = 1; lastKnownFileType = text.xcconfig; name = "Pods-MoviesWorld.release.xcconfig"; path = "Target Support Files/Pods-MoviesWorld/Pods-MoviesWorld.release.xcconfig"; sourceTree = "<group>"; };
		7081612F5F4BBA0587AC4B84 /* Pods-MoviesWorld-MoviesWorldUITests.debug.xcconfig */ = {isa = PBXFileReference; includeInIndex = 1; lastKnownFileType = text.xcconfig; name = "Pods-MoviesWorld-MoviesWorldUITests.debug.xcconfig"; path = "Target Support Files/Pods-MoviesWorld-MoviesWorldUITests/Pods-MoviesWorld-MoviesWorldUITests.debug.xcconfig"; sourceTree = "<group>"; };
		8C42F9B635DF124648BDE828 /* Pods-MoviesWorld.debug.xcconfig */ = {isa = PBXFileReference; includeInIndex = 1; lastKnownFileType = text.xcconfig; name = "Pods-MoviesWorld.debug.xcconfig"; path = "Target Support Files/Pods-MoviesWorld/Pods-MoviesWorld.debug.xcconfig"; sourceTree = "<group>"; };
		92DE3AE14693CE2E99A912D6 /* Pods_MoviesWorld.framework */ = {isa = PBXFileReference; explicitFileType = wrapper.framework; includeInIndex = 0; path = Pods_MoviesWorld.framework; sourceTree = BUILT_PRODUCTS_DIR; };
		AA64736387DF48E0A9226A05 /* Pods-MoviesWorld-MoviesWorldUITests.release.xcconfig */ = {isa = PBXFileReference; includeInIndex = 1; lastKnownFileType = text.xcconfig; name = "Pods-MoviesWorld-MoviesWorldUITests.release.xcconfig"; path = "Target Support Files/Pods-MoviesWorld-MoviesWorldUITests/Pods-MoviesWorld-MoviesWorldUITests.release.xcconfig"; sourceTree = "<group>"; };
		BC912AFDC17D848F3693A582 /* Pods_MoviesWorld_MoviesWorldUITests.framework */ = {isa = PBXFileReference; explicitFileType = wrapper.framework; includeInIndex = 0; path = Pods_MoviesWorld_MoviesWorldUITests.framework; sourceTree = BUILT_PRODUCTS_DIR; };
		ECDE9BD92BAF6F0500C1A4EC /* UIView+Extension.swift */ = {isa = PBXFileReference; lastKnownFileType = sourcecode.swift; path = "UIView+Extension.swift"; sourceTree = "<group>"; };
		ECDE9BDB2BAF784300C1A4EC /* UIImage+Extension.swift */ = {isa = PBXFileReference; lastKnownFileType = sourcecode.swift; path = "UIImage+Extension.swift"; sourceTree = "<group>"; };
		ECDE9BDD2BAF7B6300C1A4EC /* UITextField+Extension.swift */ = {isa = PBXFileReference; lastKnownFileType = sourcecode.swift; path = "UITextField+Extension.swift"; sourceTree = "<group>"; };
		ECDE9BE12BAF7EE700C1A4EC /* ar */ = {isa = PBXFileReference; lastKnownFileType = text.plist.strings; name = ar; path = ar.lproj/Localizable.strings; sourceTree = "<group>"; };
		ECDE9BE22BAF7EE700C1A4EC /* en */ = {isa = PBXFileReference; lastKnownFileType = text.plist.strings; name = en; path = en.lproj/Localizable.strings; sourceTree = "<group>"; };
		ECDE9BE32BAF7EE700C1A4EC /* Localize.swift */ = {isa = PBXFileReference; fileEncoding = 4; lastKnownFileType = sourcecode.swift; path = Localize.swift; sourceTree = "<group>"; };
		ECDE9BE62BAF7F7700C1A4EC /* String+Extension.swift */ = {isa = PBXFileReference; lastKnownFileType = sourcecode.swift; path = "String+Extension.swift"; sourceTree = "<group>"; };
		ECE419D92BAF0A250038BF2B /* MoviesWorld.app */ = {isa = PBXFileReference; explicitFileType = wrapper.application; includeInIndex = 0; path = MoviesWorld.app; sourceTree = BUILT_PRODUCTS_DIR; };
		ECE419DC2BAF0A250038BF2B /* AppDelegate.swift */ = {isa = PBXFileReference; lastKnownFileType = sourcecode.swift; path = AppDelegate.swift; sourceTree = "<group>"; };
		ECE419E52BAF0A260038BF2B /* Assets.xcassets */ = {isa = PBXFileReference; lastKnownFileType = folder.assetcatalog; path = Assets.xcassets; sourceTree = "<group>"; };
		ECE419E82BAF0A260038BF2B /* Base */ = {isa = PBXFileReference; lastKnownFileType = file.storyboard; name = Base; path = Base.lproj/LaunchScreen.storyboard; sourceTree = "<group>"; };
		ECE419EA2BAF0A260038BF2B /* Info.plist */ = {isa = PBXFileReference; lastKnownFileType = text.plist.xml; path = Info.plist; sourceTree = "<group>"; };
		ECE419EF2BAF0A270038BF2B /* MoviesWorldTests.xctest */ = {isa = PBXFileReference; explicitFileType = wrapper.cfbundle; includeInIndex = 0; path = MoviesWorldTests.xctest; sourceTree = BUILT_PRODUCTS_DIR; };
		ECE419F32BAF0A270038BF2B /* MoviesWorldTests.swift */ = {isa = PBXFileReference; lastKnownFileType = sourcecode.swift; path = MoviesWorldTests.swift; sourceTree = "<group>"; };
		ECE419F92BAF0A270038BF2B /* MoviesWorldUITests.xctest */ = {isa = PBXFileReference; explicitFileType = wrapper.cfbundle; includeInIndex = 0; path = MoviesWorldUITests.xctest; sourceTree = BUILT_PRODUCTS_DIR; };
		ECE419FD2BAF0A270038BF2B /* MoviesWorldUITests.swift */ = {isa = PBXFileReference; lastKnownFileType = sourcecode.swift; path = MoviesWorldUITests.swift; sourceTree = "<group>"; };
		ECE419FF2BAF0A270038BF2B /* MoviesWorldUITestsLaunchTests.swift */ = {isa = PBXFileReference; lastKnownFileType = sourcecode.swift; path = MoviesWorldUITestsLaunchTests.swift; sourceTree = "<group>"; };
		ECE41A102BAF1DA40038BF2B /* SplashScreenViewModel.swift */ = {isa = PBXFileReference; fileEncoding = 4; lastKnownFileType = sourcecode.swift; path = SplashScreenViewModel.swift; sourceTree = "<group>"; };
		ECE41A112BAF1DA40038BF2B /* SplashViewModelContract.swift */ = {isa = PBXFileReference; fileEncoding = 4; lastKnownFileType = sourcecode.swift; path = SplashViewModelContract.swift; sourceTree = "<group>"; };
		ECE41A132BAF1DA40038BF2B /* SplashScreenViewController.swift */ = {isa = PBXFileReference; fileEncoding = 4; lastKnownFileType = sourcecode.swift; path = SplashScreenViewController.swift; sourceTree = "<group>"; };
		ECE41A142BAF1DA40038BF2B /* SplashScreenViewController.storyboard */ = {isa = PBXFileReference; fileEncoding = 4; lastKnownFileType = file.storyboard; path = SplashScreenViewController.storyboard; sourceTree = "<group>"; };
		ECE41A612BAF1DC50038BF2B /* LocalUserDefault.swift */ = {isa = PBXFileReference; fileEncoding = 4; lastKnownFileType = sourcecode.swift; path = LocalUserDefault.swift; sourceTree = "<group>"; };
		ECE41A642BAF1DC50038BF2B /* AppCoordinator.swift */ = {isa = PBXFileReference; fileEncoding = 4; lastKnownFileType = sourcecode.swift; path = AppCoordinator.swift; sourceTree = "<group>"; };
		ECE41A652BAF1DC50038BF2B /* CoordinatorProtocol.swift */ = {isa = PBXFileReference; fileEncoding = 4; lastKnownFileType = sourcecode.swift; path = CoordinatorProtocol.swift; sourceTree = "<group>"; };
		ECE41A672BAF1DC50038BF2B /* BaseViewModelContract.swift */ = {isa = PBXFileReference; fileEncoding = 4; lastKnownFileType = sourcecode.swift; path = BaseViewModelContract.swift; sourceTree = "<group>"; };
		ECE41A682BAF1DC50038BF2B /* PaginationContract.swift */ = {isa = PBXFileReference; fileEncoding = 4; lastKnownFileType = sourcecode.swift; path = PaginationContract.swift; sourceTree = "<group>"; };
		ECE41A6A2BAF1DC50038BF2B /* RemoteConfigKeys.swift */ = {isa = PBXFileReference; fileEncoding = 4; lastKnownFileType = sourcecode.swift; path = RemoteConfigKeys.swift; sourceTree = "<group>"; };
		ECE41A6B2BAF1DC50038BF2B /* RemoteConfigService.swift */ = {isa = PBXFileReference; fileEncoding = 4; lastKnownFileType = sourcecode.swift; path = RemoteConfigService.swift; sourceTree = "<group>"; };
		ECE41A6D2BAF1DC50038BF2B /* BaseViewController.swift */ = {isa = PBXFileReference; fileEncoding = 4; lastKnownFileType = sourcecode.swift; path = BaseViewController.swift; sourceTree = "<group>"; };
		ECE41A6E2BAF1DC50038BF2B /* Injector.swift */ = {isa = PBXFileReference; fileEncoding = 4; lastKnownFileType = sourcecode.swift; path = Injector.swift; sourceTree = "<group>"; };
		ECE41A702BAF1DC50038BF2B /* TargetType.swift */ = {isa = PBXFileReference; fileEncoding = 4; lastKnownFileType = sourcecode.swift; path = TargetType.swift; sourceTree = "<group>"; };
		ECE41A712BAF1DC50038BF2B /* BaseAPI.swift */ = {isa = PBXFileReference; fileEncoding = 4; lastKnownFileType = sourcecode.swift; path = BaseAPI.swift; sourceTree = "<group>"; };
		ECE41A722BAF1DC50038BF2B /* ApplicationNetworking.swift */ = {isa = PBXFileReference; fileEncoding = 4; lastKnownFileType = sourcecode.swift; path = ApplicationNetworking.swift; sourceTree = "<group>"; };
		ECE41A752BAF1DC50038BF2B /* AnalyticsService.swift */ = {isa = PBXFileReference; fileEncoding = 4; lastKnownFileType = sourcecode.swift; path = AnalyticsService.swift; sourceTree = "<group>"; };
		ECE41A762BAF1DC50038BF2B /* AnalyticsServiceContract.swift */ = {isa = PBXFileReference; fileEncoding = 4; lastKnownFileType = sourcecode.swift; path = AnalyticsServiceContract.swift; sourceTree = "<group>"; };
		ECE41A792BAF1DC50038BF2B /* MixPanelAnalyticsProvider.swift */ = {isa = PBXFileReference; fileEncoding = 4; lastKnownFileType = sourcecode.swift; path = MixPanelAnalyticsProvider.swift; sourceTree = "<group>"; };
		ECE41A7B2BAF1DC50038BF2B /* FirebaseAnalyticsProvider.swift */ = {isa = PBXFileReference; fileEncoding = 4; lastKnownFileType = sourcecode.swift; path = FirebaseAnalyticsProvider.swift; sourceTree = "<group>"; };
		ECE41A7C2BAF1DC50038BF2B /* GoogleService-Info.plist */ = {isa = PBXFileReference; fileEncoding = 4; lastKnownFileType = text.plist.xml; path = "GoogleService-Info.plist"; sourceTree = "<group>"; };
		ECE41A7F2BAF1DC50038BF2B /* AnalyticsProviderContract.swift */ = {isa = PBXFileReference; fileEncoding = 4; lastKnownFileType = sourcecode.swift; path = AnalyticsProviderContract.swift; sourceTree = "<group>"; };
		ECE41A802BAF1DC50038BF2B /* AnalyticsEventContract.swift */ = {isa = PBXFileReference; fileEncoding = 4; lastKnownFileType = sourcecode.swift; path = AnalyticsEventContract.swift; sourceTree = "<group>"; };
		ECE41A992BAF1EB90038BF2B /* Constants.swift */ = {isa = PBXFileReference; fileEncoding = 4; lastKnownFileType = sourcecode.swift; path = Constants.swift; sourceTree = "<group>"; };
		ECE41A9A2BAF1EB90038BF2B /* Enums.swift */ = {isa = PBXFileReference; fileEncoding = 4; lastKnownFileType = sourcecode.swift; path = Enums.swift; sourceTree = "<group>"; };
		ECE41A9E2BAF1EB90038BF2B /* Bundle+Extension.swift */ = {isa = PBXFileReference; fileEncoding = 4; lastKnownFileType = sourcecode.swift; path = "Bundle+Extension.swift"; sourceTree = "<group>"; };
		ECE41A9F2BAF1EB90038BF2B /* NotificationCenter+Extension.swift */ = {isa = PBXFileReference; fileEncoding = 4; lastKnownFileType = sourcecode.swift; path = "NotificationCenter+Extension.swift"; sourceTree = "<group>"; };
		ECE41AA02BAF1EB90038BF2B /* ViewController+Extension.swift */ = {isa = PBXFileReference; fileEncoding = 4; lastKnownFileType = sourcecode.swift; path = "ViewController+Extension.swift"; sourceTree = "<group>"; };
		ECE41AA12BAF1EB90038BF2B /* Utils.swift */ = {isa = PBXFileReference; fileEncoding = 4; lastKnownFileType = sourcecode.swift; path = Utils.swift; sourceTree = "<group>"; };
		F4AB91AFAF0BD6DC29F53EB9 /* Pods-MoviesWorldTests.debug.xcconfig */ = {isa = PBXFileReference; includeInIndex = 1; lastKnownFileType = text.xcconfig; name = "Pods-MoviesWorldTests.debug.xcconfig"; path = "Target Support Files/Pods-MoviesWorldTests/Pods-MoviesWorldTests.debug.xcconfig"; sourceTree = "<group>"; };
/* End PBXFileReference section */

/* Begin PBXFrameworksBuildPhase section */
		ECE419D62BAF0A250038BF2B /* Frameworks */ = {
			isa = PBXFrameworksBuildPhase;
			buildActionMask = 2147483647;
			files = (
				872B7D85BA57BEC9B93A9CB2 /* Pods_MoviesWorld.framework in Frameworks */,
			);
			runOnlyForDeploymentPostprocessing = 0;
		};
		ECE419EC2BAF0A270038BF2B /* Frameworks */ = {
			isa = PBXFrameworksBuildPhase;
			buildActionMask = 2147483647;
			files = (
				952DDDA4E32846A470F5CEC2 /* Pods_MoviesWorldTests.framework in Frameworks */,
			);
			runOnlyForDeploymentPostprocessing = 0;
		};
		ECE419F62BAF0A270038BF2B /* Frameworks */ = {
			isa = PBXFrameworksBuildPhase;
			buildActionMask = 2147483647;
			files = (
				86BA85ED477A4B1BE707A805 /* Pods_MoviesWorld_MoviesWorldUITests.framework in Frameworks */,
			);
			runOnlyForDeploymentPostprocessing = 0;
		};
/* End PBXFrameworksBuildPhase section */

/* Begin PBXGroup section */
		2327D453A1268BC85F555F35 /* Frameworks */ = {
			isa = PBXGroup;
			children = (
				92DE3AE14693CE2E99A912D6 /* Pods_MoviesWorld.framework */,
				BC912AFDC17D848F3693A582 /* Pods_MoviesWorld_MoviesWorldUITests.framework */,
				22D463B6B9D01AA924F4F91A /* Pods_MoviesWorldTests.framework */,
			);
			name = Frameworks;
			sourceTree = "<group>";
		};
		359893B6437F3BFE3C7F98B9 /* Pods */ = {
			isa = PBXGroup;
			children = (
				8C42F9B635DF124648BDE828 /* Pods-MoviesWorld.debug.xcconfig */,
				46796AC122A38C7C8334A7A0 /* Pods-MoviesWorld.release.xcconfig */,
				7081612F5F4BBA0587AC4B84 /* Pods-MoviesWorld-MoviesWorldUITests.debug.xcconfig */,
				AA64736387DF48E0A9226A05 /* Pods-MoviesWorld-MoviesWorldUITests.release.xcconfig */,
				F4AB91AFAF0BD6DC29F53EB9 /* Pods-MoviesWorldTests.debug.xcconfig */,
				2380BB835E6EE50D46B2F826 /* Pods-MoviesWorldTests.release.xcconfig */,
			);
			path = Pods;
			sourceTree = "<group>";
		};
		ECDE9BDF2BAF7EE700C1A4EC /* Localization */ = {
			isa = PBXGroup;
			children = (
				ECDE9BE02BAF7EE700C1A4EC /* Localizable.strings */,
				ECDE9BE32BAF7EE700C1A4EC /* Localize.swift */,
			);
			path = Localization;
			sourceTree = "<group>";
		};
		ECE419D02BAF0A250038BF2B = {
			isa = PBXGroup;
			children = (
				ECE419DB2BAF0A250038BF2B /* MoviesWorld */,
				ECE419F22BAF0A270038BF2B /* MoviesWorldTests */,
				ECE419FC2BAF0A270038BF2B /* MoviesWorldUITests */,
				ECE419DA2BAF0A250038BF2B /* Products */,
				359893B6437F3BFE3C7F98B9 /* Pods */,
				2327D453A1268BC85F555F35 /* Frameworks */,
			);
			sourceTree = "<group>";
		};
		ECE419DA2BAF0A250038BF2B /* Products */ = {
			isa = PBXGroup;
			children = (
				ECE419D92BAF0A250038BF2B /* MoviesWorld.app */,
				ECE419EF2BAF0A270038BF2B /* MoviesWorldTests.xctest */,
				ECE419F92BAF0A270038BF2B /* MoviesWorldUITests.xctest */,
			);
			name = Products;
			sourceTree = "<group>";
		};
		ECE419DB2BAF0A250038BF2B /* MoviesWorld */ = {
			isa = PBXGroup;
			children = (
				ECE41A0C2BAF13DE0038BF2B /* ApplicationSupport */,
				ECE41A0D2BAF1DA40038BF2B /* SplashScreen */,
				ECE41A5D2BAF1DC50038BF2B /* Core */,
				ECE41A982BAF1EB90038BF2B /* Utils */,
			);
			path = MoviesWorld;
			sourceTree = "<group>";
		};
		ECE419F22BAF0A270038BF2B /* MoviesWorldTests */ = {
			isa = PBXGroup;
			children = (
				ECE419F32BAF0A270038BF2B /* MoviesWorldTests.swift */,
			);
			path = MoviesWorldTests;
			sourceTree = "<group>";
		};
		ECE419FC2BAF0A270038BF2B /* MoviesWorldUITests */ = {
			isa = PBXGroup;
			children = (
				ECE419FD2BAF0A270038BF2B /* MoviesWorldUITests.swift */,
				ECE419FF2BAF0A270038BF2B /* MoviesWorldUITestsLaunchTests.swift */,
			);
			path = MoviesWorldUITests;
			sourceTree = "<group>";
		};
		ECE41A0C2BAF13DE0038BF2B /* ApplicationSupport */ = {
			isa = PBXGroup;
			children = (
				ECE419DC2BAF0A250038BF2B /* AppDelegate.swift */,
				ECE419E52BAF0A260038BF2B /* Assets.xcassets */,
				ECE419E72BAF0A260038BF2B /* LaunchScreen.storyboard */,
				ECE419EA2BAF0A260038BF2B /* Info.plist */,
			);
			path = ApplicationSupport;
			sourceTree = "<group>";
		};
		ECE41A0D2BAF1DA40038BF2B /* SplashScreen */ = {
			isa = PBXGroup;
			children = (
				ECE41A0E2BAF1DA40038BF2B /* Presentation */,
			);
			path = SplashScreen;
			sourceTree = "<group>";
		};
		ECE41A0E2BAF1DA40038BF2B /* Presentation */ = {
			isa = PBXGroup;
			children = (
				ECE41A0F2BAF1DA40038BF2B /* ViewModel */,
				ECE41A122BAF1DA40038BF2B /* Views */,
			);
			path = Presentation;
			sourceTree = "<group>";
		};
		ECE41A0F2BAF1DA40038BF2B /* ViewModel */ = {
			isa = PBXGroup;
			children = (
				ECE41A102BAF1DA40038BF2B /* SplashScreenViewModel.swift */,
				ECE41A112BAF1DA40038BF2B /* SplashViewModelContract.swift */,
			);
			path = ViewModel;
			sourceTree = "<group>";
		};
		ECE41A122BAF1DA40038BF2B /* Views */ = {
			isa = PBXGroup;
			children = (
				ECE41A132BAF1DA40038BF2B /* SplashScreenViewController.swift */,
				ECE41A142BAF1DA40038BF2B /* SplashScreenViewController.storyboard */,
			);
			path = Views;
			sourceTree = "<group>";
		};
		ECE41A5D2BAF1DC50038BF2B /* Core */ = {
			isa = PBXGroup;
			children = (
				ECE41A5E2BAF1DC50038BF2B /* LocalService */,
				ECE41A632BAF1DC50038BF2B /* Coordinator */,
				ECE41A662BAF1DC50038BF2B /* Contracts */,
				ECE41A692BAF1DC50038BF2B /* RemoteConfig */,
				ECE41A6C2BAF1DC50038BF2B /* BaseViewController */,
				ECE41A6E2BAF1DC50038BF2B /* Injector.swift */,
				ECE41A6F2BAF1DC50038BF2B /* RemoteService */,
				ECE41A732BAF1DC50038BF2B /* Analytics */,
			);
			path = Core;
			sourceTree = "<group>";
		};
		ECE41A5E2BAF1DC50038BF2B /* LocalService */ = {
			isa = PBXGroup;
			children = (
				ECE41A612BAF1DC50038BF2B /* LocalUserDefault.swift */,
			);
			path = LocalService;
			sourceTree = "<group>";
		};
		ECE41A632BAF1DC50038BF2B /* Coordinator */ = {
			isa = PBXGroup;
			children = (
				ECE41A642BAF1DC50038BF2B /* AppCoordinator.swift */,
				ECE41A652BAF1DC50038BF2B /* CoordinatorProtocol.swift */,
			);
			path = Coordinator;
			sourceTree = "<group>";
		};
		ECE41A662BAF1DC50038BF2B /* Contracts */ = {
			isa = PBXGroup;
			children = (
				ECE41A672BAF1DC50038BF2B /* BaseViewModelContract.swift */,
				ECE41A682BAF1DC50038BF2B /* PaginationContract.swift */,
			);
			path = Contracts;
			sourceTree = "<group>";
		};
		ECE41A692BAF1DC50038BF2B /* RemoteConfig */ = {
			isa = PBXGroup;
			children = (
				ECE41A6A2BAF1DC50038BF2B /* RemoteConfigKeys.swift */,
				ECE41A6B2BAF1DC50038BF2B /* RemoteConfigService.swift */,
			);
			path = RemoteConfig;
			sourceTree = "<group>";
		};
		ECE41A6C2BAF1DC50038BF2B /* BaseViewController */ = {
			isa = PBXGroup;
			children = (
				ECE41A6D2BAF1DC50038BF2B /* BaseViewController.swift */,
			);
			path = BaseViewController;
			sourceTree = "<group>";
		};
		ECE41A6F2BAF1DC50038BF2B /* RemoteService */ = {
			isa = PBXGroup;
			children = (
				ECE41A702BAF1DC50038BF2B /* TargetType.swift */,
				ECE41A712BAF1DC50038BF2B /* BaseAPI.swift */,
				ECE41A722BAF1DC50038BF2B /* ApplicationNetworking.swift */,
			);
			path = RemoteService;
			sourceTree = "<group>";
		};
		ECE41A732BAF1DC50038BF2B /* Analytics */ = {
			isa = PBXGroup;
			children = (
				ECE41A742BAF1DC50038BF2B /* AnalyticsService */,
				ECE41A772BAF1DC50038BF2B /* Providers */,
				ECE41A7E2BAF1DC50038BF2B /* Protocols */,
			);
			path = Analytics;
			sourceTree = "<group>";
		};
		ECE41A742BAF1DC50038BF2B /* AnalyticsService */ = {
			isa = PBXGroup;
			children = (
				ECE41A752BAF1DC50038BF2B /* AnalyticsService.swift */,
				ECE41A762BAF1DC50038BF2B /* AnalyticsServiceContract.swift */,
			);
			path = AnalyticsService;
			sourceTree = "<group>";
		};
		ECE41A772BAF1DC50038BF2B /* Providers */ = {
			isa = PBXGroup;
			children = (
				ECE41A792BAF1DC50038BF2B /* MixPanelAnalyticsProvider.swift */,
				ECE41A7A2BAF1DC50038BF2B /* FirebaseAnalytics */,
			);
			path = Providers;
			sourceTree = "<group>";
		};
		ECE41A7A2BAF1DC50038BF2B /* FirebaseAnalytics */ = {
			isa = PBXGroup;
			children = (
				ECE41A7B2BAF1DC50038BF2B /* FirebaseAnalyticsProvider.swift */,
				ECE41A7C2BAF1DC50038BF2B /* GoogleService-Info.plist */,
			);
			path = FirebaseAnalytics;
			sourceTree = "<group>";
		};
		ECE41A7E2BAF1DC50038BF2B /* Protocols */ = {
			isa = PBXGroup;
			children = (
				ECE41A7F2BAF1DC50038BF2B /* AnalyticsProviderContract.swift */,
				ECE41A802BAF1DC50038BF2B /* AnalyticsEventContract.swift */,
			);
			path = Protocols;
			sourceTree = "<group>";
		};
		ECE41A982BAF1EB90038BF2B /* Utils */ = {
			isa = PBXGroup;
			children = (
				ECE41A992BAF1EB90038BF2B /* Constants.swift */,
				ECE41A9A2BAF1EB90038BF2B /* Enums.swift */,
				ECE41A9B2BAF1EB90038BF2B /* Resources */,
				ECE41A9D2BAF1EB90038BF2B /* Extensions */,
				ECE41AA12BAF1EB90038BF2B /* Utils.swift */,
			);
			path = Utils;
			sourceTree = "<group>";
		};
		ECE41A9B2BAF1EB90038BF2B /* Resources */ = {
			isa = PBXGroup;
			children = (
				ECDE9BDF2BAF7EE700C1A4EC /* Localization */,
			);
			path = Resources;
			sourceTree = "<group>";
		};
		ECE41A9D2BAF1EB90038BF2B /* Extensions */ = {
			isa = PBXGroup;
			children = (
				ECE41A9E2BAF1EB90038BF2B /* Bundle+Extension.swift */,
				ECE41A9F2BAF1EB90038BF2B /* NotificationCenter+Extension.swift */,
				ECE41AA02BAF1EB90038BF2B /* ViewController+Extension.swift */,
				ECDE9BD92BAF6F0500C1A4EC /* UIView+Extension.swift */,
				ECDE9BDB2BAF784300C1A4EC /* UIImage+Extension.swift */,
				ECDE9BDD2BAF7B6300C1A4EC /* UITextField+Extension.swift */,
				ECDE9BE62BAF7F7700C1A4EC /* String+Extension.swift */,
			);
			path = Extensions;
			sourceTree = "<group>";
		};
/* End PBXGroup section */

/* Begin PBXNativeTarget section */
		ECE419D82BAF0A250038BF2B /* MoviesWorld */ = {
			isa = PBXNativeTarget;
			buildConfigurationList = ECE41A032BAF0A270038BF2B /* Build configuration list for PBXNativeTarget "MoviesWorld" */;
			buildPhases = (
				4546D3A7B55AFA6D39F01C2C /* [CP] Check Pods Manifest.lock */,
				ECE419D52BAF0A250038BF2B /* Sources */,
				ECE419D62BAF0A250038BF2B /* Frameworks */,
				ECE419D72BAF0A250038BF2B /* Resources */,
				3A906BE816DAD6D5F108F98E /* [CP] Embed Pods Frameworks */,
			);
			buildRules = (
			);
			dependencies = (
			);
			name = MoviesWorld;
			productName = MoviesWorld;
			productReference = ECE419D92BAF0A250038BF2B /* MoviesWorld.app */;
			productType = "com.apple.product-type.application";
		};
		ECE419EE2BAF0A270038BF2B /* MoviesWorldTests */ = {
			isa = PBXNativeTarget;
			buildConfigurationList = ECE41A062BAF0A270038BF2B /* Build configuration list for PBXNativeTarget "MoviesWorldTests" */;
			buildPhases = (
				E728DD6AB43540624217B125 /* [CP] Check Pods Manifest.lock */,
				ECE419EB2BAF0A270038BF2B /* Sources */,
				ECE419EC2BAF0A270038BF2B /* Frameworks */,
				ECE419ED2BAF0A270038BF2B /* Resources */,
			);
			buildRules = (
			);
			dependencies = (
				ECE419F12BAF0A270038BF2B /* PBXTargetDependency */,
			);
			name = MoviesWorldTests;
			productName = MoviesWorldTests;
			productReference = ECE419EF2BAF0A270038BF2B /* MoviesWorldTests.xctest */;
			productType = "com.apple.product-type.bundle.unit-test";
		};
		ECE419F82BAF0A270038BF2B /* MoviesWorldUITests */ = {
			isa = PBXNativeTarget;
			buildConfigurationList = ECE41A092BAF0A270038BF2B /* Build configuration list for PBXNativeTarget "MoviesWorldUITests" */;
			buildPhases = (
				F44714DFEC0AFC5F07268A9E /* [CP] Check Pods Manifest.lock */,
				ECE419F52BAF0A270038BF2B /* Sources */,
				ECE419F62BAF0A270038BF2B /* Frameworks */,
				ECE419F72BAF0A270038BF2B /* Resources */,
				A81110A0209688F1AE9DD6D8 /* [CP] Embed Pods Frameworks */,
			);
			buildRules = (
			);
			dependencies = (
				ECE419FB2BAF0A270038BF2B /* PBXTargetDependency */,
			);
			name = MoviesWorldUITests;
			productName = MoviesWorldUITests;
			productReference = ECE419F92BAF0A270038BF2B /* MoviesWorldUITests.xctest */;
			productType = "com.apple.product-type.bundle.ui-testing";
		};
/* End PBXNativeTarget section */

/* Begin PBXProject section */
		ECE419D12BAF0A250038BF2B /* Project object */ = {
			isa = PBXProject;
			attributes = {
				BuildIndependentTargetsInParallel = 1;
				LastSwiftUpdateCheck = 1420;
				LastUpgradeCheck = 1420;
				TargetAttributes = {
					ECE419D82BAF0A250038BF2B = {
						CreatedOnToolsVersion = 14.2;
					};
					ECE419EE2BAF0A270038BF2B = {
						CreatedOnToolsVersion = 14.2;
						TestTargetID = ECE419D82BAF0A250038BF2B;
					};
					ECE419F82BAF0A270038BF2B = {
						CreatedOnToolsVersion = 14.2;
						TestTargetID = ECE419D82BAF0A250038BF2B;
					};
				};
			};
			buildConfigurationList = ECE419D42BAF0A250038BF2B /* Build configuration list for PBXProject "MoviesWorld" */;
			compatibilityVersion = "Xcode 14.0";
			developmentRegion = en;
			hasScannedForEncodings = 0;
			knownRegions = (
				en,
				Base,
				ar,
			);
			mainGroup = ECE419D02BAF0A250038BF2B;
			productRefGroup = ECE419DA2BAF0A250038BF2B /* Products */;
			projectDirPath = "";
			projectRoot = "";
			targets = (
				ECE419D82BAF0A250038BF2B /* MoviesWorld */,
				ECE419EE2BAF0A270038BF2B /* MoviesWorldTests */,
				ECE419F82BAF0A270038BF2B /* MoviesWorldUITests */,
			);
		};
/* End PBXProject section */

/* Begin PBXResourcesBuildPhase section */
		ECE419D72BAF0A250038BF2B /* Resources */ = {
			isa = PBXResourcesBuildPhase;
			buildActionMask = 2147483647;
			files = (
				ECE419E92BAF0A260038BF2B /* LaunchScreen.storyboard in Resources */,
				ECE419E62BAF0A260038BF2B /* Assets.xcassets in Resources */,
				ECE41A462BAF1DA40038BF2B /* SplashScreenViewController.storyboard in Resources */,
				ECE41A942BAF1DC50038BF2B /* GoogleService-Info.plist in Resources */,
				ECDE9BE42BAF7EE700C1A4EC /* Localizable.strings in Resources */,
			);
			runOnlyForDeploymentPostprocessing = 0;
		};
		ECE419ED2BAF0A270038BF2B /* Resources */ = {
			isa = PBXResourcesBuildPhase;
			buildActionMask = 2147483647;
			files = (
			);
			runOnlyForDeploymentPostprocessing = 0;
		};
		ECE419F72BAF0A270038BF2B /* Resources */ = {
			isa = PBXResourcesBuildPhase;
			buildActionMask = 2147483647;
			files = (
			);
			runOnlyForDeploymentPostprocessing = 0;
		};
/* End PBXResourcesBuildPhase section */

/* Begin PBXShellScriptBuildPhase section */
		3A906BE816DAD6D5F108F98E /* [CP] Embed Pods Frameworks */ = {
			isa = PBXShellScriptBuildPhase;
			buildActionMask = 2147483647;
			files = (
			);
			inputFileListPaths = (
				"${PODS_ROOT}/Target Support Files/Pods-MoviesWorld/Pods-MoviesWorld-frameworks-${CONFIGURATION}-input-files.xcfilelist",
			);
			name = "[CP] Embed Pods Frameworks";
			outputFileListPaths = (
				"${PODS_ROOT}/Target Support Files/Pods-MoviesWorld/Pods-MoviesWorld-frameworks-${CONFIGURATION}-output-files.xcfilelist",
			);
			runOnlyForDeploymentPostprocessing = 0;
			shellPath = /bin/sh;
			shellScript = "\"${PODS_ROOT}/Target Support Files/Pods-MoviesWorld/Pods-MoviesWorld-frameworks.sh\"\n";
			showEnvVarsInLog = 0;
		};
		4546D3A7B55AFA6D39F01C2C /* [CP] Check Pods Manifest.lock */ = {
			isa = PBXShellScriptBuildPhase;
			buildActionMask = 2147483647;
			files = (
			);
			inputFileListPaths = (
			);
			inputPaths = (
				"${PODS_PODFILE_DIR_PATH}/Podfile.lock",
				"${PODS_ROOT}/Manifest.lock",
			);
			name = "[CP] Check Pods Manifest.lock";
			outputFileListPaths = (
			);
			outputPaths = (
				"$(DERIVED_FILE_DIR)/Pods-MoviesWorld-checkManifestLockResult.txt",
			);
			runOnlyForDeploymentPostprocessing = 0;
			shellPath = /bin/sh;
			shellScript = "diff \"${PODS_PODFILE_DIR_PATH}/Podfile.lock\" \"${PODS_ROOT}/Manifest.lock\" > /dev/null\nif [ $? != 0 ] ; then\n    # print error to STDERR\n    echo \"error: The sandbox is not in sync with the Podfile.lock. Run 'pod install' or update your CocoaPods installation.\" >&2\n    exit 1\nfi\n# This output is used by Xcode 'outputs' to avoid re-running this script phase.\necho \"SUCCESS\" > \"${SCRIPT_OUTPUT_FILE_0}\"\n";
			showEnvVarsInLog = 0;
		};
		A81110A0209688F1AE9DD6D8 /* [CP] Embed Pods Frameworks */ = {
			isa = PBXShellScriptBuildPhase;
			buildActionMask = 2147483647;
			files = (
			);
			inputFileListPaths = (
				"${PODS_ROOT}/Target Support Files/Pods-MoviesWorld-MoviesWorldUITests/Pods-MoviesWorld-MoviesWorldUITests-frameworks-${CONFIGURATION}-input-files.xcfilelist",
			);
			name = "[CP] Embed Pods Frameworks";
			outputFileListPaths = (
				"${PODS_ROOT}/Target Support Files/Pods-MoviesWorld-MoviesWorldUITests/Pods-MoviesWorld-MoviesWorldUITests-frameworks-${CONFIGURATION}-output-files.xcfilelist",
			);
			runOnlyForDeploymentPostprocessing = 0;
			shellPath = /bin/sh;
			shellScript = "\"${PODS_ROOT}/Target Support Files/Pods-MoviesWorld-MoviesWorldUITests/Pods-MoviesWorld-MoviesWorldUITests-frameworks.sh\"\n";
			showEnvVarsInLog = 0;
		};
		E728DD6AB43540624217B125 /* [CP] Check Pods Manifest.lock */ = {
			isa = PBXShellScriptBuildPhase;
			buildActionMask = 2147483647;
			files = (
			);
			inputFileListPaths = (
			);
			inputPaths = (
				"${PODS_PODFILE_DIR_PATH}/Podfile.lock",
				"${PODS_ROOT}/Manifest.lock",
			);
			name = "[CP] Check Pods Manifest.lock";
			outputFileListPaths = (
			);
			outputPaths = (
				"$(DERIVED_FILE_DIR)/Pods-MoviesWorldTests-checkManifestLockResult.txt",
			);
			runOnlyForDeploymentPostprocessing = 0;
			shellPath = /bin/sh;
			shellScript = "diff \"${PODS_PODFILE_DIR_PATH}/Podfile.lock\" \"${PODS_ROOT}/Manifest.lock\" > /dev/null\nif [ $? != 0 ] ; then\n    # print error to STDERR\n    echo \"error: The sandbox is not in sync with the Podfile.lock. Run 'pod install' or update your CocoaPods installation.\" >&2\n    exit 1\nfi\n# This output is used by Xcode 'outputs' to avoid re-running this script phase.\necho \"SUCCESS\" > \"${SCRIPT_OUTPUT_FILE_0}\"\n";
			showEnvVarsInLog = 0;
		};
		F44714DFEC0AFC5F07268A9E /* [CP] Check Pods Manifest.lock */ = {
			isa = PBXShellScriptBuildPhase;
			buildActionMask = 2147483647;
			files = (
			);
			inputFileListPaths = (
			);
			inputPaths = (
				"${PODS_PODFILE_DIR_PATH}/Podfile.lock",
				"${PODS_ROOT}/Manifest.lock",
			);
			name = "[CP] Check Pods Manifest.lock";
			outputFileListPaths = (
			);
			outputPaths = (
				"$(DERIVED_FILE_DIR)/Pods-MoviesWorld-MoviesWorldUITests-checkManifestLockResult.txt",
			);
			runOnlyForDeploymentPostprocessing = 0;
			shellPath = /bin/sh;
			shellScript = "diff \"${PODS_PODFILE_DIR_PATH}/Podfile.lock\" \"${PODS_ROOT}/Manifest.lock\" > /dev/null\nif [ $? != 0 ] ; then\n    # print error to STDERR\n    echo \"error: The sandbox is not in sync with the Podfile.lock. Run 'pod install' or update your CocoaPods installation.\" >&2\n    exit 1\nfi\n# This output is used by Xcode 'outputs' to avoid re-running this script phase.\necho \"SUCCESS\" > \"${SCRIPT_OUTPUT_FILE_0}\"\n";
			showEnvVarsInLog = 0;
		};
/* End PBXShellScriptBuildPhase section */

/* Begin PBXSourcesBuildPhase section */
		ECE419D52BAF0A250038BF2B /* Sources */ = {
			isa = PBXSourcesBuildPhase;
			buildActionMask = 2147483647;
			files = (
				ECE41A932BAF1DC50038BF2B /* FirebaseAnalyticsProvider.swift in Sources */,
				ECE41A902BAF1DC50038BF2B /* AnalyticsServiceContract.swift in Sources */,
				ECE41A852BAF1DC50038BF2B /* CoordinatorProtocol.swift in Sources */,
				ECE41AA82BAF1EB90038BF2B /* Utils.swift in Sources */,
				ECE41A8A2BAF1DC50038BF2B /* BaseViewController.swift in Sources */,
				ECE41AA52BAF1EB90038BF2B /* Bundle+Extension.swift in Sources */,
				ECE41A922BAF1DC50038BF2B /* MixPanelAnalyticsProvider.swift in Sources */,
				ECDE9BE52BAF7EE700C1A4EC /* Localize.swift in Sources */,
				ECE41A972BAF1DC50038BF2B /* AnalyticsEventContract.swift in Sources */,
				ECE41A842BAF1DC50038BF2B /* AppCoordinator.swift in Sources */,
				ECDE9BDA2BAF6F0500C1A4EC /* UIView+Extension.swift in Sources */,
				ECE41A822BAF1DC50038BF2B /* LocalUserDefault.swift in Sources */,
				ECDE9BDC2BAF784300C1A4EC /* UIImage+Extension.swift in Sources */,
				ECE41AA62BAF1EB90038BF2B /* NotificationCenter+Extension.swift in Sources */,
				ECDE9BE72BAF7F7700C1A4EC /* String+Extension.swift in Sources */,
				ECE41A892BAF1DC50038BF2B /* RemoteConfigService.swift in Sources */,
				ECE41A8C2BAF1DC50038BF2B /* TargetType.swift in Sources */,
				ECE41A8D2BAF1DC50038BF2B /* BaseAPI.swift in Sources */,
				ECE41A8E2BAF1DC50038BF2B /* ApplicationNetworking.swift in Sources */,
				ECE41A882BAF1DC50038BF2B /* RemoteConfigKeys.swift in Sources */,
				ECE41A8F2BAF1DC50038BF2B /* AnalyticsService.swift in Sources */,
				ECDE9BDE2BAF7B6300C1A4EC /* UITextField+Extension.swift in Sources */,
				ECE41A442BAF1DA40038BF2B /* SplashViewModelContract.swift in Sources */,
				ECE41AA32BAF1EB90038BF2B /* Enums.swift in Sources */,
				ECE41A862BAF1DC50038BF2B /* BaseViewModelContract.swift in Sources */,
				ECE41AA72BAF1EB90038BF2B /* ViewController+Extension.swift in Sources */,
				ECE41AA22BAF1EB90038BF2B /* Constants.swift in Sources */,
				ECE41A962BAF1DC50038BF2B /* AnalyticsProviderContract.swift in Sources */,
				ECE419DD2BAF0A250038BF2B /* AppDelegate.swift in Sources */,
				ECE41A872BAF1DC50038BF2B /* PaginationContract.swift in Sources */,
				ECE41A8B2BAF1DC50038BF2B /* Injector.swift in Sources */,
				ECE41A452BAF1DA40038BF2B /* SplashScreenViewController.swift in Sources */,
				ECE41A432BAF1DA40038BF2B /* SplashScreenViewModel.swift in Sources */,
			);
			runOnlyForDeploymentPostprocessing = 0;
		};
		ECE419EB2BAF0A270038BF2B /* Sources */ = {
			isa = PBXSourcesBuildPhase;
			buildActionMask = 2147483647;
			files = (
				ECE419F42BAF0A270038BF2B /* MoviesWorldTests.swift in Sources */,
			);
			runOnlyForDeploymentPostprocessing = 0;
		};
		ECE419F52BAF0A270038BF2B /* Sources */ = {
			isa = PBXSourcesBuildPhase;
			buildActionMask = 2147483647;
			files = (
				ECE41A002BAF0A270038BF2B /* MoviesWorldUITestsLaunchTests.swift in Sources */,
				ECE419FE2BAF0A270038BF2B /* MoviesWorldUITests.swift in Sources */,
			);
			runOnlyForDeploymentPostprocessing = 0;
		};
/* End PBXSourcesBuildPhase section */

/* Begin PBXTargetDependency section */
		ECE419F12BAF0A270038BF2B /* PBXTargetDependency */ = {
			isa = PBXTargetDependency;
			target = ECE419D82BAF0A250038BF2B /* MoviesWorld */;
			targetProxy = ECE419F02BAF0A270038BF2B /* PBXContainerItemProxy */;
		};
		ECE419FB2BAF0A270038BF2B /* PBXTargetDependency */ = {
			isa = PBXTargetDependency;
			target = ECE419D82BAF0A250038BF2B /* MoviesWorld */;
			targetProxy = ECE419FA2BAF0A270038BF2B /* PBXContainerItemProxy */;
		};
/* End PBXTargetDependency section */

/* Begin PBXVariantGroup section */
		ECDE9BE02BAF7EE700C1A4EC /* Localizable.strings */ = {
			isa = PBXVariantGroup;
			children = (
				ECDE9BE12BAF7EE700C1A4EC /* ar */,
				ECDE9BE22BAF7EE700C1A4EC /* en */,
			);
			name = Localizable.strings;
			sourceTree = "<group>";
		};
		ECE419E72BAF0A260038BF2B /* LaunchScreen.storyboard */ = {
			isa = PBXVariantGroup;
			children = (
				ECE419E82BAF0A260038BF2B /* Base */,
			);
			name = LaunchScreen.storyboard;
			sourceTree = "<group>";
		};
/* End PBXVariantGroup section */

/* Begin XCBuildConfiguration section */
		ECE41A012BAF0A270038BF2B /* Debug */ = {
			isa = XCBuildConfiguration;
			buildSettings = {
				ALWAYS_SEARCH_USER_PATHS = NO;
				CLANG_ANALYZER_NONNULL = YES;
				CLANG_ANALYZER_NUMBER_OBJECT_CONVERSION = YES_AGGRESSIVE;
				CLANG_CXX_LANGUAGE_STANDARD = "gnu++20";
				CLANG_ENABLE_MODULES = YES;
				CLANG_ENABLE_OBJC_ARC = YES;
				CLANG_ENABLE_OBJC_WEAK = YES;
				CLANG_WARN_BLOCK_CAPTURE_AUTORELEASING = YES;
				CLANG_WARN_BOOL_CONVERSION = YES;
				CLANG_WARN_COMMA = YES;
				CLANG_WARN_CONSTANT_CONVERSION = YES;
				CLANG_WARN_DEPRECATED_OBJC_IMPLEMENTATIONS = YES;
				CLANG_WARN_DIRECT_OBJC_ISA_USAGE = YES_ERROR;
				CLANG_WARN_DOCUMENTATION_COMMENTS = YES;
				CLANG_WARN_EMPTY_BODY = YES;
				CLANG_WARN_ENUM_CONVERSION = YES;
				CLANG_WARN_INFINITE_RECURSION = YES;
				CLANG_WARN_INT_CONVERSION = YES;
				CLANG_WARN_NON_LITERAL_NULL_CONVERSION = YES;
				CLANG_WARN_OBJC_IMPLICIT_RETAIN_SELF = YES;
				CLANG_WARN_OBJC_LITERAL_CONVERSION = YES;
				CLANG_WARN_OBJC_ROOT_CLASS = YES_ERROR;
				CLANG_WARN_QUOTED_INCLUDE_IN_FRAMEWORK_HEADER = YES;
				CLANG_WARN_RANGE_LOOP_ANALYSIS = YES;
				CLANG_WARN_STRICT_PROTOTYPES = YES;
				CLANG_WARN_SUSPICIOUS_MOVE = YES;
				CLANG_WARN_UNGUARDED_AVAILABILITY = YES_AGGRESSIVE;
				CLANG_WARN_UNREACHABLE_CODE = YES;
				CLANG_WARN__DUPLICATE_METHOD_MATCH = YES;
				COPY_PHASE_STRIP = NO;
				DEBUG_INFORMATION_FORMAT = dwarf;
				ENABLE_STRICT_OBJC_MSGSEND = YES;
				ENABLE_TESTABILITY = YES;
				GCC_C_LANGUAGE_STANDARD = gnu11;
				GCC_DYNAMIC_NO_PIC = NO;
				GCC_NO_COMMON_BLOCKS = YES;
				GCC_OPTIMIZATION_LEVEL = 0;
				GCC_PREPROCESSOR_DEFINITIONS = (
					"DEBUG=1",
					"$(inherited)",
				);
				GCC_WARN_64_TO_32_BIT_CONVERSION = YES;
				GCC_WARN_ABOUT_RETURN_TYPE = YES_ERROR;
				GCC_WARN_UNDECLARED_SELECTOR = YES;
				GCC_WARN_UNINITIALIZED_AUTOS = YES_AGGRESSIVE;
				GCC_WARN_UNUSED_FUNCTION = YES;
				GCC_WARN_UNUSED_VARIABLE = YES;
				IPHONEOS_DEPLOYMENT_TARGET = 16.2;
				MTL_ENABLE_DEBUG_INFO = INCLUDE_SOURCE;
				MTL_FAST_MATH = YES;
				ONLY_ACTIVE_ARCH = YES;
				SDKROOT = iphoneos;
				SWIFT_ACTIVE_COMPILATION_CONDITIONS = DEBUG;
				SWIFT_OPTIMIZATION_LEVEL = "-Onone";
			};
			name = Debug;
		};
		ECE41A022BAF0A270038BF2B /* Release */ = {
			isa = XCBuildConfiguration;
			buildSettings = {
				ALWAYS_SEARCH_USER_PATHS = NO;
				CLANG_ANALYZER_NONNULL = YES;
				CLANG_ANALYZER_NUMBER_OBJECT_CONVERSION = YES_AGGRESSIVE;
				CLANG_CXX_LANGUAGE_STANDARD = "gnu++20";
				CLANG_ENABLE_MODULES = YES;
				CLANG_ENABLE_OBJC_ARC = YES;
				CLANG_ENABLE_OBJC_WEAK = YES;
				CLANG_WARN_BLOCK_CAPTURE_AUTORELEASING = YES;
				CLANG_WARN_BOOL_CONVERSION = YES;
				CLANG_WARN_COMMA = YES;
				CLANG_WARN_CONSTANT_CONVERSION = YES;
				CLANG_WARN_DEPRECATED_OBJC_IMPLEMENTATIONS = YES;
				CLANG_WARN_DIRECT_OBJC_ISA_USAGE = YES_ERROR;
				CLANG_WARN_DOCUMENTATION_COMMENTS = YES;
				CLANG_WARN_EMPTY_BODY = YES;
				CLANG_WARN_ENUM_CONVERSION = YES;
				CLANG_WARN_INFINITE_RECURSION = YES;
				CLANG_WARN_INT_CONVERSION = YES;
				CLANG_WARN_NON_LITERAL_NULL_CONVERSION = YES;
				CLANG_WARN_OBJC_IMPLICIT_RETAIN_SELF = YES;
				CLANG_WARN_OBJC_LITERAL_CONVERSION = YES;
				CLANG_WARN_OBJC_ROOT_CLASS = YES_ERROR;
				CLANG_WARN_QUOTED_INCLUDE_IN_FRAMEWORK_HEADER = YES;
				CLANG_WARN_RANGE_LOOP_ANALYSIS = YES;
				CLANG_WARN_STRICT_PROTOTYPES = YES;
				CLANG_WARN_SUSPICIOUS_MOVE = YES;
				CLANG_WARN_UNGUARDED_AVAILABILITY = YES_AGGRESSIVE;
				CLANG_WARN_UNREACHABLE_CODE = YES;
				CLANG_WARN__DUPLICATE_METHOD_MATCH = YES;
				COPY_PHASE_STRIP = NO;
				DEBUG_INFORMATION_FORMAT = "dwarf-with-dsym";
				ENABLE_NS_ASSERTIONS = NO;
				ENABLE_STRICT_OBJC_MSGSEND = YES;
				GCC_C_LANGUAGE_STANDARD = gnu11;
				GCC_NO_COMMON_BLOCKS = YES;
				GCC_WARN_64_TO_32_BIT_CONVERSION = YES;
				GCC_WARN_ABOUT_RETURN_TYPE = YES_ERROR;
				GCC_WARN_UNDECLARED_SELECTOR = YES;
				GCC_WARN_UNINITIALIZED_AUTOS = YES_AGGRESSIVE;
				GCC_WARN_UNUSED_FUNCTION = YES;
				GCC_WARN_UNUSED_VARIABLE = YES;
				IPHONEOS_DEPLOYMENT_TARGET = 16.2;
				MTL_ENABLE_DEBUG_INFO = NO;
				MTL_FAST_MATH = YES;
				SDKROOT = iphoneos;
				SWIFT_COMPILATION_MODE = wholemodule;
				SWIFT_OPTIMIZATION_LEVEL = "-O";
				VALIDATE_PRODUCT = YES;
			};
			name = Release;
		};
		ECE41A042BAF0A270038BF2B /* Debug */ = {
			isa = XCBuildConfiguration;
			baseConfigurationReference = 8C42F9B635DF124648BDE828 /* Pods-MoviesWorld.debug.xcconfig */;
			buildSettings = {
				ASSETCATALOG_COMPILER_APPICON_NAME = AppIcon;
				ASSETCATALOG_COMPILER_GLOBAL_ACCENT_COLOR_NAME = AccentColor;
				CODE_SIGN_STYLE = Automatic;
				CURRENT_PROJECT_VERSION = 1;
				GENERATE_INFOPLIST_FILE = YES;
				INFOPLIST_FILE = MoviesWorld/Info.plist;
				INFOPLIST_KEY_UIApplicationSupportsIndirectInputEvents = YES;
				INFOPLIST_KEY_UILaunchStoryboardName = "";
				INFOPLIST_KEY_UIMainStoryboardFile = "";
				INFOPLIST_KEY_UISupportedInterfaceOrientations_iPad = "UIInterfaceOrientationPortrait UIInterfaceOrientationPortraitUpsideDown UIInterfaceOrientationLandscapeLeft UIInterfaceOrientationLandscapeRight";
				INFOPLIST_KEY_UISupportedInterfaceOrientations_iPhone = "UIInterfaceOrientationPortrait UIInterfaceOrientationLandscapeLeft UIInterfaceOrientationLandscapeRight";
				LD_RUNPATH_SEARCH_PATHS = (
					"$(inherited)",
					"@executable_path/Frameworks",
				);
				MARKETING_VERSION = 1.0;
				PRODUCT_BUNDLE_IDENTIFIER = com.amro.MoviesWorld;
				PRODUCT_NAME = "$(TARGET_NAME)";
				SWIFT_EMIT_LOC_STRINGS = YES;
				SWIFT_VERSION = 5.0;
				TARGETED_DEVICE_FAMILY = "1,2";
			};
			name = Debug;
		};
		ECE41A052BAF0A270038BF2B /* Release */ = {
			isa = XCBuildConfiguration;
			baseConfigurationReference = 46796AC122A38C7C8334A7A0 /* Pods-MoviesWorld.release.xcconfig */;
			buildSettings = {
				ASSETCATALOG_COMPILER_APPICON_NAME = AppIcon;
				ASSETCATALOG_COMPILER_GLOBAL_ACCENT_COLOR_NAME = AccentColor;
				CODE_SIGN_STYLE = Automatic;
				CURRENT_PROJECT_VERSION = 1;
				GENERATE_INFOPLIST_FILE = YES;
				INFOPLIST_FILE = MoviesWorld/Info.plist;
				INFOPLIST_KEY_UIApplicationSupportsIndirectInputEvents = YES;
				INFOPLIST_KEY_UILaunchStoryboardName = "";
				INFOPLIST_KEY_UIMainStoryboardFile = "";
				INFOPLIST_KEY_UISupportedInterfaceOrientations_iPad = "UIInterfaceOrientationPortrait UIInterfaceOrientationPortraitUpsideDown UIInterfaceOrientationLandscapeLeft UIInterfaceOrientationLandscapeRight";
				INFOPLIST_KEY_UISupportedInterfaceOrientations_iPhone = "UIInterfaceOrientationPortrait UIInterfaceOrientationLandscapeLeft UIInterfaceOrientationLandscapeRight";
				LD_RUNPATH_SEARCH_PATHS = (
					"$(inherited)",
					"@executable_path/Frameworks",
				);
				MARKETING_VERSION = 1.0;
				PRODUCT_BUNDLE_IDENTIFIER = com.amro.MoviesWorld;
				PRODUCT_NAME = "$(TARGET_NAME)";
				SWIFT_EMIT_LOC_STRINGS = YES;
				SWIFT_VERSION = 5.0;
				TARGETED_DEVICE_FAMILY = "1,2";
			};
			name = Release;
		};
		ECE41A072BAF0A270038BF2B /* Debug */ = {
			isa = XCBuildConfiguration;
			baseConfigurationReference = F4AB91AFAF0BD6DC29F53EB9 /* Pods-MoviesWorldTests.debug.xcconfig */;
			buildSettings = {
				ALWAYS_EMBED_SWIFT_STANDARD_LIBRARIES = YES;
				BUNDLE_LOADER = "$(TEST_HOST)";
				CODE_SIGN_STYLE = Automatic;
				CURRENT_PROJECT_VERSION = 1;
				GENERATE_INFOPLIST_FILE = YES;
				IPHONEOS_DEPLOYMENT_TARGET = 16.2;
				MARKETING_VERSION = 1.0;
				PRODUCT_BUNDLE_IDENTIFIER = com.amro.MoviesWorldTests;
				PRODUCT_NAME = "$(TARGET_NAME)";
				SWIFT_EMIT_LOC_STRINGS = NO;
				SWIFT_VERSION = 5.0;
				TARGETED_DEVICE_FAMILY = "1,2";
				TEST_HOST = "$(BUILT_PRODUCTS_DIR)/MoviesWorld.app/$(BUNDLE_EXECUTABLE_FOLDER_PATH)/MoviesWorld";
			};
			name = Debug;
		};
		ECE41A082BAF0A270038BF2B /* Release */ = {
			isa = XCBuildConfiguration;
			baseConfigurationReference = 2380BB835E6EE50D46B2F826 /* Pods-MoviesWorldTests.release.xcconfig */;
			buildSettings = {
				ALWAYS_EMBED_SWIFT_STANDARD_LIBRARIES = YES;
				BUNDLE_LOADER = "$(TEST_HOST)";
				CODE_SIGN_STYLE = Automatic;
				CURRENT_PROJECT_VERSION = 1;
				GENERATE_INFOPLIST_FILE = YES;
				IPHONEOS_DEPLOYMENT_TARGET = 16.2;
				MARKETING_VERSION = 1.0;
				PRODUCT_BUNDLE_IDENTIFIER = com.amro.MoviesWorldTests;
				PRODUCT_NAME = "$(TARGET_NAME)";
				SWIFT_EMIT_LOC_STRINGS = NO;
				SWIFT_VERSION = 5.0;
				TARGETED_DEVICE_FAMILY = "1,2";
				TEST_HOST = "$(BUILT_PRODUCTS_DIR)/MoviesWorld.app/$(BUNDLE_EXECUTABLE_FOLDER_PATH)/MoviesWorld";
			};
			name = Release;
		};
		ECE41A0A2BAF0A270038BF2B /* Debug */ = {
			isa = XCBuildConfiguration;
			baseConfigurationReference = 7081612F5F4BBA0587AC4B84 /* Pods-MoviesWorld-MoviesWorldUITests.debug.xcconfig */;
			buildSettings = {
				ALWAYS_EMBED_SWIFT_STANDARD_LIBRARIES = YES;
				CODE_SIGN_STYLE = Automatic;
				CURRENT_PROJECT_VERSION = 1;
				GENERATE_INFOPLIST_FILE = YES;
				MARKETING_VERSION = 1.0;
				PRODUCT_BUNDLE_IDENTIFIER = com.amro.MoviesWorldUITests;
				PRODUCT_NAME = "$(TARGET_NAME)";
				SWIFT_EMIT_LOC_STRINGS = NO;
				SWIFT_VERSION = 5.0;
				TARGETED_DEVICE_FAMILY = "1,2";
				TEST_TARGET_NAME = MoviesWorld;
			};
			name = Debug;
		};
		ECE41A0B2BAF0A270038BF2B /* Release */ = {
			isa = XCBuildConfiguration;
			baseConfigurationReference = AA64736387DF48E0A9226A05 /* Pods-MoviesWorld-MoviesWorldUITests.release.xcconfig */;
			buildSettings = {
				ALWAYS_EMBED_SWIFT_STANDARD_LIBRARIES = YES;
				CODE_SIGN_STYLE = Automatic;
				CURRENT_PROJECT_VERSION = 1;
				GENERATE_INFOPLIST_FILE = YES;
				MARKETING_VERSION = 1.0;
				PRODUCT_BUNDLE_IDENTIFIER = com.amro.MoviesWorldUITests;
				PRODUCT_NAME = "$(TARGET_NAME)";
				SWIFT_EMIT_LOC_STRINGS = NO;
				SWIFT_VERSION = 5.0;
				TARGETED_DEVICE_FAMILY = "1,2";
				TEST_TARGET_NAME = MoviesWorld;
			};
			name = Release;
		};
/* End XCBuildConfiguration section */

/* Begin XCConfigurationList section */
		ECE419D42BAF0A250038BF2B /* Build configuration list for PBXProject "MoviesWorld" */ = {
			isa = XCConfigurationList;
			buildConfigurations = (
				ECE41A012BAF0A270038BF2B /* Debug */,
				ECE41A022BAF0A270038BF2B /* Release */,
			);
			defaultConfigurationIsVisible = 0;
			defaultConfigurationName = Release;
		};
		ECE41A032BAF0A270038BF2B /* Build configuration list for PBXNativeTarget "MoviesWorld" */ = {
			isa = XCConfigurationList;
			buildConfigurations = (
				ECE41A042BAF0A270038BF2B /* Debug */,
				ECE41A052BAF0A270038BF2B /* Release */,
			);
			defaultConfigurationIsVisible = 0;
			defaultConfigurationName = Release;
		};
		ECE41A062BAF0A270038BF2B /* Build configuration list for PBXNativeTarget "MoviesWorldTests" */ = {
			isa = XCConfigurationList;
			buildConfigurations = (
				ECE41A072BAF0A270038BF2B /* Debug */,
				ECE41A082BAF0A270038BF2B /* Release */,
			);
			defaultConfigurationIsVisible = 0;
			defaultConfigurationName = Release;
		};
		ECE41A092BAF0A270038BF2B /* Build configuration list for PBXNativeTarget "MoviesWorldUITests" */ = {
			isa = XCConfigurationList;
			buildConfigurations = (
				ECE41A0A2BAF0A270038BF2B /* Debug */,
				ECE41A0B2BAF0A270038BF2B /* Release */,
			);
			defaultConfigurationIsVisible = 0;
			defaultConfigurationName = Release;
		};
/* End XCConfigurationList section */
	};
	rootObject = ECE419D12BAF0A250038BF2B /* Project object */;
}
